// !$*UTF8*$!
{
	archiveVersion = 1;
	classes = {
	};
	objectVersion = 46;
	objects = {

/* Begin PBXBuildFile section */
		883E43731E3CF9880051BD21 /* SpecErrorHandler.swift in Sources */ = {isa = PBXBuildFile; fileRef = 883E43721E3CF9880051BD21 /* SpecErrorHandler.swift */; };
		883E437E1E3D140F0051BD21 /* AppIconTests.swift in Sources */ = {isa = PBXBuildFile; fileRef = 883E437D1E3D140F0051BD21 /* AppIconTests.swift */; };
		883E43801E3D149D0051BD21 /* RecordingSpecSystem.swift in Sources */ = {isa = PBXBuildFile; fileRef = 883E437F1E3D149D0051BD21 /* RecordingSpecSystem.swift */; };
		883E43821E3D14DB0051BD21 /* HomeButtonTests.swift in Sources */ = {isa = PBXBuildFile; fileRef = 883E43811E3D14DB0051BD21 /* HomeButtonTests.swift */; };
		883E43841E3D15050051BD21 /* AppSwitcherTests.swift in Sources */ = {isa = PBXBuildFile; fileRef = 883E43831E3D15050051BD21 /* AppSwitcherTests.swift */; };
		885EC12E1E338E8B00A61FA1 /* SpecUIKitFringes.framework in Frameworks */ = {isa = PBXBuildFile; fileRef = 885EC1241E338E8A00A61FA1 /* SpecUIKitFringes.framework */; };
		885EC1331E338E8B00A61FA1 /* SpecWindowTests.swift in Sources */ = {isa = PBXBuildFile; fileRef = 885EC1321E338E8B00A61FA1 /* SpecWindowTests.swift */; };
		885EC1351E338E8B00A61FA1 /* SpecUIKitFringes.h in Headers */ = {isa = PBXBuildFile; fileRef = 885EC1271E338E8A00A61FA1 /* SpecUIKitFringes.h */; settings = {ATTRIBUTES = (Public, ); }; };
		885EC1461E338F4200A61FA1 /* SpecNavigationController.swift in Sources */ = {isa = PBXBuildFile; fileRef = 885EC1421E338F4200A61FA1 /* SpecNavigationController.swift */; };
		885EC1471E338F4200A61FA1 /* SpecSharedApplication.swift in Sources */ = {isa = PBXBuildFile; fileRef = 885EC1431E338F4200A61FA1 /* SpecSharedApplication.swift */; };
		885EC1481E338F4200A61FA1 /* SpecViewController.swift in Sources */ = {isa = PBXBuildFile; fileRef = 885EC1441E338F4200A61FA1 /* SpecViewController.swift */; };
		885EC1491E338F4200A61FA1 /* SpecWindow.swift in Sources */ = {isa = PBXBuildFile; fileRef = 885EC1451E338F4200A61FA1 /* SpecWindow.swift */; };
		885EC14C1E33902800A61FA1 /* UIKitFringes.framework in Frameworks */ = {isa = PBXBuildFile; fileRef = 885EC14B1E33902800A61FA1 /* UIKitFringes.framework */; };
		885EC14F1E33981F00A61FA1 /* RecordingSpecViewController.swift in Sources */ = {isa = PBXBuildFile; fileRef = 885EC14E1E33981F00A61FA1 /* RecordingSpecViewController.swift */; };
		885EC1511E33BBB300A61FA1 /* SpecViewControllerTests.swift in Sources */ = {isa = PBXBuildFile; fileRef = 885EC1501E33BBB300A61FA1 /* SpecViewControllerTests.swift */; };
		885EC1531E33C0E900A61FA1 /* SpecSharedApplicationTests.swift in Sources */ = {isa = PBXBuildFile; fileRef = 885EC1521E33C0E900A61FA1 /* SpecSharedApplicationTests.swift */; };
		885EC1551E33C9FF00A61FA1 /* SpecNavigationControllerTests.swift in Sources */ = {isa = PBXBuildFile; fileRef = 885EC1541E33C9FF00A61FA1 /* SpecNavigationControllerTests.swift */; };
		885EC1571E33CA3F00A61FA1 /* RecordingSpecNavigationController.swift in Sources */ = {isa = PBXBuildFile; fileRef = 885EC1561E33CA3F00A61FA1 /* RecordingSpecNavigationController.swift */; };
		885EC15A1E33E0C300A61FA1 /* XCTest.swift in Sources */ = {isa = PBXBuildFile; fileRef = 885EC1591E33E0C300A61FA1 /* XCTest.swift */; };
		885EC15C1E33EA2A00A61FA1 /* SpecApplicationDelegate.swift in Sources */ = {isa = PBXBuildFile; fileRef = 885EC15B1E33EA2A00A61FA1 /* SpecApplicationDelegate.swift */; };
		885EC1601E33EB1B00A61FA1 /* RecordingSpecApplicationDelegate.swift in Sources */ = {isa = PBXBuildFile; fileRef = 885EC15F1E33EB1B00A61FA1 /* RecordingSpecApplicationDelegate.swift */; };
		885EC18E1E34BC1700A61FA1 /* SpecSystemTestCase.swift in Sources */ = {isa = PBXBuildFile; fileRef = 885EC18D1E34BC1700A61FA1 /* SpecSystemTestCase.swift */; };
		885EC1911E34BC6600A61FA1 /* SpecSystem.swift in Sources */ = {isa = PBXBuildFile; fileRef = 885EC18F1E34BC6100A61FA1 /* SpecSystem.swift */; };
		88B4E06F1E59D2780004C839 /* SpecTimeZoneProviderTests.swift in Sources */ = {isa = PBXBuildFile; fileRef = 88B4E06E1E59D2780004C839 /* SpecTimeZoneProviderTests.swift */; };
		88B4E0711E59D35E0004C839 /* SpecDateProviderTests.swift in Sources */ = {isa = PBXBuildFile; fileRef = 88B4E0701E59D35E0004C839 /* SpecDateProviderTests.swift */; };
		88B4E0731E59D6920004C839 /* SpecScheduledTimerTests.swift in Sources */ = {isa = PBXBuildFile; fileRef = 88B4E0721E59D6920004C839 /* SpecScheduledTimerTests.swift */; };
		88B4E0751E59DAE90004C839 /* SpecURLSessionTests.swift in Sources */ = {isa = PBXBuildFile; fileRef = 88B4E0741E59DAE90004C839 /* SpecURLSessionTests.swift */; };
		88D2C8B31E562D810065882D /* SpecLocationManager.swift in Sources */ = {isa = PBXBuildFile; fileRef = 88D2C8B21E562D810065882D /* SpecLocationManager.swift */; };
		88D2C8D21E562FF70065882D /* AuthorizationInSettingsAppTests.swift in Sources */ = {isa = PBXBuildFile; fileRef = 88D2C8C41E562FB30065882D /* AuthorizationInSettingsAppTests.swift */; };
		88D2C8D31E562FF70065882D /* SpecLocationManagerTestCase.swift in Sources */ = {isa = PBXBuildFile; fileRef = 88D2C8C51E562FB30065882D /* SpecLocationManagerTestCase.swift */; };
		88D2C8D41E562FF70065882D /* GeneralAuthorizationStatusesTests.swift in Sources */ = {isa = PBXBuildFile; fileRef = 88D2C8C61E562FB30065882D /* GeneralAuthorizationStatusesTests.swift */; };
		88D2C8D51E562FF70065882D /* LocationServicesTests.swift in Sources */ = {isa = PBXBuildFile; fileRef = 88D2C8C71E562FB30065882D /* LocationServicesTests.swift */; };
		88D2C8D61E562FF70065882D /* LocationUpdatingTests.swift in Sources */ = {isa = PBXBuildFile; fileRef = 88D2C8C81E562FB30065882D /* LocationUpdatingTests.swift */; };
		88D2C8D71E562FF70065882D /* RequestingAuthorizationTests.swift in Sources */ = {isa = PBXBuildFile; fileRef = 88D2C8C91E562FB30065882D /* RequestingAuthorizationTests.swift */; };
		88D2C8D81E562FF70065882D /* SpecLocationManagerDelegate.swift in Sources */ = {isa = PBXBuildFile; fileRef = 88D2C8CA1E562FB30065882D /* SpecLocationManagerDelegate.swift */; };
		88D2C8E41E56E3B40065882D /* SpecDialogManager.swift in Sources */ = {isa = PBXBuildFile; fileRef = 88D2C8E31E56E3B40065882D /* SpecDialogManager.swift */; };
		88D2C8E61E56E3D80065882D /* SpecDialogManagerTests.swift in Sources */ = {isa = PBXBuildFile; fileRef = 88D2C8E51E56E3D80065882D /* SpecDialogManagerTests.swift */; };
		88FED3F41E58690300217628 /* SpecDialogIdentifier.swift in Sources */ = {isa = PBXBuildFile; fileRef = 88FED3F31E58690300217628 /* SpecDialogIdentifier.swift */; };
		88FED3F81E5870CD00217628 /* SpecDialog.swift in Sources */ = {isa = PBXBuildFile; fileRef = 88FED3F71E5870CD00217628 /* SpecDialog.swift */; };
		88FED3FB1E58AFE100217628 /* CLAuthorizationStatus+CustomStringConvertible.swift in Sources */ = {isa = PBXBuildFile; fileRef = 88FED3F91E58AFD000217628 /* CLAuthorizationStatus+CustomStringConvertible.swift */; };
		88FED3FE1E58C81000217628 /* SpecLocationServices.swift in Sources */ = {isa = PBXBuildFile; fileRef = 88FED3FD1E58C81000217628 /* SpecLocationServices.swift */; };
		88FED4001E58CDC000217628 /* SpecLocationAuthorizationStatus.swift in Sources */ = {isa = PBXBuildFile; fileRef = 88FED3FF1E58CDC000217628 /* SpecLocationAuthorizationStatus.swift */; };
		88FED4021E58D30100217628 /* MultipleLocationManagersTests.swift in Sources */ = {isa = PBXBuildFile; fileRef = 88FED4011E58D30100217628 /* MultipleLocationManagersTests.swift */; };
		88FED4041E58D39700217628 /* SpecLocationManagerFactory.swift in Sources */ = {isa = PBXBuildFile; fileRef = 88FED4031E58D39700217628 /* SpecLocationManagerFactory.swift */; };
		88FED4061E58DEA500217628 /* SpecMulticaster.swift in Sources */ = {isa = PBXBuildFile; fileRef = 88FED4051E58DEA500217628 /* SpecMulticaster.swift */; };
		88FED4081E58F10000217628 /* SpecSettingsApp.swift in Sources */ = {isa = PBXBuildFile; fileRef = 88FED4071E58F10000217628 /* SpecSettingsApp.swift */; };
		88FED40A1E58F56300217628 /* SpecUserLocation.swift in Sources */ = {isa = PBXBuildFile; fileRef = 88FED4091E58F56300217628 /* SpecUserLocation.swift */; };
		88FED40C1E59B76700217628 /* SpecTimeZoneProvider.swift in Sources */ = {isa = PBXBuildFile; fileRef = 88FED40B1E59B76700217628 /* SpecTimeZoneProvider.swift */; };
		88FED4101E59B97700217628 /* SpecDateProvider.swift in Sources */ = {isa = PBXBuildFile; fileRef = 88FED40F1E59B97700217628 /* SpecDateProvider.swift */; };
		88FED4171E59BDF800217628 /* SpecScheduledTimer.swift in Sources */ = {isa = PBXBuildFile; fileRef = 88FED4151E59BDF800217628 /* SpecScheduledTimer.swift */; };
		88FED4181E59BDF800217628 /* SpecTimerFactory.swift in Sources */ = {isa = PBXBuildFile; fileRef = 88FED4161E59BDF800217628 /* SpecTimerFactory.swift */; };
		88FED4281E59C38300217628 /* SpecURLSession.swift in Sources */ = {isa = PBXBuildFile; fileRef = 88FED4261E59C38300217628 /* SpecURLSession.swift */; };
		88FED4291E59C38300217628 /* SpecURLSessionDataTask.swift in Sources */ = {isa = PBXBuildFile; fileRef = 88FED4271E59C38300217628 /* SpecURLSessionDataTask.swift */; };
/* End PBXBuildFile section */

/* Begin PBXContainerItemProxy section */
		885EC12F1E338E8B00A61FA1 /* PBXContainerItemProxy */ = {
			isa = PBXContainerItemProxy;
			containerPortal = 885EC11B1E338E8A00A61FA1 /* Project object */;
			proxyType = 1;
			remoteGlobalIDString = 885EC1231E338E8A00A61FA1;
			remoteInfo = SpecUIKitFringes;
		};
/* End PBXContainerItemProxy section */

/* Begin PBXFileReference section */
		883E43721E3CF9880051BD21 /* SpecErrorHandler.swift */ = {isa = PBXFileReference; fileEncoding = 4; lastKnownFileType = sourcecode.swift; path = SpecErrorHandler.swift; sourceTree = "<group>"; };
		883E437D1E3D140F0051BD21 /* AppIconTests.swift */ = {isa = PBXFileReference; fileEncoding = 4; lastKnownFileType = sourcecode.swift; path = AppIconTests.swift; sourceTree = "<group>"; };
		883E437F1E3D149D0051BD21 /* RecordingSpecSystem.swift */ = {isa = PBXFileReference; fileEncoding = 4; lastKnownFileType = sourcecode.swift; path = RecordingSpecSystem.swift; sourceTree = "<group>"; };
		883E43811E3D14DB0051BD21 /* HomeButtonTests.swift */ = {isa = PBXFileReference; fileEncoding = 4; lastKnownFileType = sourcecode.swift; path = HomeButtonTests.swift; sourceTree = "<group>"; };
		883E43831E3D15050051BD21 /* AppSwitcherTests.swift */ = {isa = PBXFileReference; fileEncoding = 4; lastKnownFileType = sourcecode.swift; path = AppSwitcherTests.swift; sourceTree = "<group>"; };
		885EC1241E338E8A00A61FA1 /* SpecUIKitFringes.framework */ = {isa = PBXFileReference; explicitFileType = wrapper.framework; includeInIndex = 0; path = SpecUIKitFringes.framework; sourceTree = BUILT_PRODUCTS_DIR; };
		885EC1271E338E8A00A61FA1 /* SpecUIKitFringes.h */ = {isa = PBXFileReference; lastKnownFileType = sourcecode.c.h; path = SpecUIKitFringes.h; sourceTree = "<group>"; };
		885EC1281E338E8A00A61FA1 /* Info.plist */ = {isa = PBXFileReference; lastKnownFileType = text.plist.xml; path = Info.plist; sourceTree = "<group>"; };
		885EC12D1E338E8B00A61FA1 /* SpecUIKitFringesTests.xctest */ = {isa = PBXFileReference; explicitFileType = wrapper.cfbundle; includeInIndex = 0; path = SpecUIKitFringesTests.xctest; sourceTree = BUILT_PRODUCTS_DIR; };
		885EC1321E338E8B00A61FA1 /* SpecWindowTests.swift */ = {isa = PBXFileReference; lastKnownFileType = sourcecode.swift; path = SpecWindowTests.swift; sourceTree = "<group>"; };
		885EC1341E338E8B00A61FA1 /* Info.plist */ = {isa = PBXFileReference; lastKnownFileType = text.plist.xml; path = Info.plist; sourceTree = "<group>"; };
		885EC1421E338F4200A61FA1 /* SpecNavigationController.swift */ = {isa = PBXFileReference; fileEncoding = 4; lastKnownFileType = sourcecode.swift; path = SpecNavigationController.swift; sourceTree = "<group>"; };
		885EC1431E338F4200A61FA1 /* SpecSharedApplication.swift */ = {isa = PBXFileReference; fileEncoding = 4; lastKnownFileType = sourcecode.swift; path = SpecSharedApplication.swift; sourceTree = "<group>"; };
		885EC1441E338F4200A61FA1 /* SpecViewController.swift */ = {isa = PBXFileReference; fileEncoding = 4; lastKnownFileType = sourcecode.swift; path = SpecViewController.swift; sourceTree = "<group>"; };
		885EC1451E338F4200A61FA1 /* SpecWindow.swift */ = {isa = PBXFileReference; fileEncoding = 4; lastKnownFileType = sourcecode.swift; path = SpecWindow.swift; sourceTree = "<group>"; };
		885EC14B1E33902800A61FA1 /* UIKitFringes.framework */ = {isa = PBXFileReference; lastKnownFileType = wrapper.framework; name = UIKitFringes.framework; path = "../../../../Library/Developer/Xcode/DerivedData/ExampleApp-eoxwvalotzdijddikhqzkkuxcskt/Build/Products/Debug-iphonesimulator/UIKitFringes.framework"; sourceTree = "<group>"; };
		885EC14E1E33981F00A61FA1 /* RecordingSpecViewController.swift */ = {isa = PBXFileReference; fileEncoding = 4; lastKnownFileType = sourcecode.swift; path = RecordingSpecViewController.swift; sourceTree = "<group>"; };
		885EC1501E33BBB300A61FA1 /* SpecViewControllerTests.swift */ = {isa = PBXFileReference; fileEncoding = 4; lastKnownFileType = sourcecode.swift; path = SpecViewControllerTests.swift; sourceTree = "<group>"; };
		885EC1521E33C0E900A61FA1 /* SpecSharedApplicationTests.swift */ = {isa = PBXFileReference; fileEncoding = 4; lastKnownFileType = sourcecode.swift; path = SpecSharedApplicationTests.swift; sourceTree = "<group>"; };
		885EC1541E33C9FF00A61FA1 /* SpecNavigationControllerTests.swift */ = {isa = PBXFileReference; fileEncoding = 4; lastKnownFileType = sourcecode.swift; path = SpecNavigationControllerTests.swift; sourceTree = "<group>"; };
		885EC1561E33CA3F00A61FA1 /* RecordingSpecNavigationController.swift */ = {isa = PBXFileReference; fileEncoding = 4; lastKnownFileType = sourcecode.swift; path = RecordingSpecNavigationController.swift; sourceTree = "<group>"; };
		885EC1591E33E0C300A61FA1 /* XCTest.swift */ = {isa = PBXFileReference; fileEncoding = 4; lastKnownFileType = sourcecode.swift; path = XCTest.swift; sourceTree = "<group>"; };
		885EC15B1E33EA2A00A61FA1 /* SpecApplicationDelegate.swift */ = {isa = PBXFileReference; fileEncoding = 4; lastKnownFileType = sourcecode.swift; path = SpecApplicationDelegate.swift; sourceTree = "<group>"; };
		885EC15F1E33EB1B00A61FA1 /* RecordingSpecApplicationDelegate.swift */ = {isa = PBXFileReference; fileEncoding = 4; lastKnownFileType = sourcecode.swift; path = RecordingSpecApplicationDelegate.swift; sourceTree = "<group>"; };
		885EC18D1E34BC1700A61FA1 /* SpecSystemTestCase.swift */ = {isa = PBXFileReference; fileEncoding = 4; lastKnownFileType = sourcecode.swift; path = SpecSystemTestCase.swift; sourceTree = "<group>"; };
		885EC18F1E34BC6100A61FA1 /* SpecSystem.swift */ = {isa = PBXFileReference; fileEncoding = 4; lastKnownFileType = sourcecode.swift; path = SpecSystem.swift; sourceTree = "<group>"; };
		88B4E06E1E59D2780004C839 /* SpecTimeZoneProviderTests.swift */ = {isa = PBXFileReference; fileEncoding = 4; lastKnownFileType = sourcecode.swift; path = SpecTimeZoneProviderTests.swift; sourceTree = "<group>"; };
		88B4E0701E59D35E0004C839 /* SpecDateProviderTests.swift */ = {isa = PBXFileReference; fileEncoding = 4; lastKnownFileType = sourcecode.swift; path = SpecDateProviderTests.swift; sourceTree = "<group>"; };
		88B4E0721E59D6920004C839 /* SpecScheduledTimerTests.swift */ = {isa = PBXFileReference; fileEncoding = 4; lastKnownFileType = sourcecode.swift; path = SpecScheduledTimerTests.swift; sourceTree = "<group>"; };
		88B4E0741E59DAE90004C839 /* SpecURLSessionTests.swift */ = {isa = PBXFileReference; fileEncoding = 4; lastKnownFileType = sourcecode.swift; path = SpecURLSessionTests.swift; sourceTree = "<group>"; };
		88D2C8B21E562D810065882D /* SpecLocationManager.swift */ = {isa = PBXFileReference; fileEncoding = 4; lastKnownFileType = sourcecode.swift; path = SpecLocationManager.swift; sourceTree = "<group>"; };
		88D2C8C41E562FB30065882D /* AuthorizationInSettingsAppTests.swift */ = {isa = PBXFileReference; fileEncoding = 4; lastKnownFileType = sourcecode.swift; path = AuthorizationInSettingsAppTests.swift; sourceTree = "<group>"; };
		88D2C8C51E562FB30065882D /* SpecLocationManagerTestCase.swift */ = {isa = PBXFileReference; fileEncoding = 4; lastKnownFileType = sourcecode.swift; path = SpecLocationManagerTestCase.swift; sourceTree = "<group>"; };
		88D2C8C61E562FB30065882D /* GeneralAuthorizationStatusesTests.swift */ = {isa = PBXFileReference; fileEncoding = 4; lastKnownFileType = sourcecode.swift; path = GeneralAuthorizationStatusesTests.swift; sourceTree = "<group>"; };
		88D2C8C71E562FB30065882D /* LocationServicesTests.swift */ = {isa = PBXFileReference; fileEncoding = 4; lastKnownFileType = sourcecode.swift; path = LocationServicesTests.swift; sourceTree = "<group>"; };
		88D2C8C81E562FB30065882D /* LocationUpdatingTests.swift */ = {isa = PBXFileReference; fileEncoding = 4; lastKnownFileType = sourcecode.swift; path = LocationUpdatingTests.swift; sourceTree = "<group>"; };
		88D2C8C91E562FB30065882D /* RequestingAuthorizationTests.swift */ = {isa = PBXFileReference; fileEncoding = 4; lastKnownFileType = sourcecode.swift; path = RequestingAuthorizationTests.swift; sourceTree = "<group>"; };
		88D2C8CA1E562FB30065882D /* SpecLocationManagerDelegate.swift */ = {isa = PBXFileReference; fileEncoding = 4; lastKnownFileType = sourcecode.swift; path = SpecLocationManagerDelegate.swift; sourceTree = "<group>"; };
		88D2C8E31E56E3B40065882D /* SpecDialogManager.swift */ = {isa = PBXFileReference; fileEncoding = 4; lastKnownFileType = sourcecode.swift; path = SpecDialogManager.swift; sourceTree = "<group>"; };
		88D2C8E51E56E3D80065882D /* SpecDialogManagerTests.swift */ = {isa = PBXFileReference; fileEncoding = 4; lastKnownFileType = sourcecode.swift; path = SpecDialogManagerTests.swift; sourceTree = "<group>"; };
		88FED3F31E58690300217628 /* SpecDialogIdentifier.swift */ = {isa = PBXFileReference; fileEncoding = 4; lastKnownFileType = sourcecode.swift; path = SpecDialogIdentifier.swift; sourceTree = "<group>"; };
		88FED3F71E5870CD00217628 /* SpecDialog.swift */ = {isa = PBXFileReference; fileEncoding = 4; lastKnownFileType = sourcecode.swift; path = SpecDialog.swift; sourceTree = "<group>"; };
		88FED3F91E58AFD000217628 /* CLAuthorizationStatus+CustomStringConvertible.swift */ = {isa = PBXFileReference; fileEncoding = 4; lastKnownFileType = sourcecode.swift; path = "CLAuthorizationStatus+CustomStringConvertible.swift"; sourceTree = "<group>"; };
		88FED3FD1E58C81000217628 /* SpecLocationServices.swift */ = {isa = PBXFileReference; fileEncoding = 4; lastKnownFileType = sourcecode.swift; path = SpecLocationServices.swift; sourceTree = "<group>"; };
		88FED3FF1E58CDC000217628 /* SpecLocationAuthorizationStatus.swift */ = {isa = PBXFileReference; fileEncoding = 4; lastKnownFileType = sourcecode.swift; path = SpecLocationAuthorizationStatus.swift; sourceTree = "<group>"; };
		88FED4011E58D30100217628 /* MultipleLocationManagersTests.swift */ = {isa = PBXFileReference; fileEncoding = 4; lastKnownFileType = sourcecode.swift; path = MultipleLocationManagersTests.swift; sourceTree = "<group>"; };
		88FED4031E58D39700217628 /* SpecLocationManagerFactory.swift */ = {isa = PBXFileReference; fileEncoding = 4; lastKnownFileType = sourcecode.swift; path = SpecLocationManagerFactory.swift; sourceTree = "<group>"; };
		88FED4051E58DEA500217628 /* SpecMulticaster.swift */ = {isa = PBXFileReference; fileEncoding = 4; lastKnownFileType = sourcecode.swift; path = SpecMulticaster.swift; sourceTree = "<group>"; };
		88FED4071E58F10000217628 /* SpecSettingsApp.swift */ = {isa = PBXFileReference; fileEncoding = 4; lastKnownFileType = sourcecode.swift; path = SpecSettingsApp.swift; sourceTree = "<group>"; };
		88FED4091E58F56300217628 /* SpecUserLocation.swift */ = {isa = PBXFileReference; fileEncoding = 4; lastKnownFileType = sourcecode.swift; path = SpecUserLocation.swift; sourceTree = "<group>"; };
		88FED40B1E59B76700217628 /* SpecTimeZoneProvider.swift */ = {isa = PBXFileReference; fileEncoding = 4; lastKnownFileType = sourcecode.swift; path = SpecTimeZoneProvider.swift; sourceTree = "<group>"; };
		88FED40F1E59B97700217628 /* SpecDateProvider.swift */ = {isa = PBXFileReference; fileEncoding = 4; lastKnownFileType = sourcecode.swift; path = SpecDateProvider.swift; sourceTree = "<group>"; };
		88FED4151E59BDF800217628 /* SpecScheduledTimer.swift */ = {isa = PBXFileReference; fileEncoding = 4; lastKnownFileType = sourcecode.swift; path = SpecScheduledTimer.swift; sourceTree = "<group>"; };
		88FED4161E59BDF800217628 /* SpecTimerFactory.swift */ = {isa = PBXFileReference; fileEncoding = 4; lastKnownFileType = sourcecode.swift; path = SpecTimerFactory.swift; sourceTree = "<group>"; };
		88FED4261E59C38300217628 /* SpecURLSession.swift */ = {isa = PBXFileReference; fileEncoding = 4; lastKnownFileType = sourcecode.swift; path = SpecURLSession.swift; sourceTree = "<group>"; };
		88FED4271E59C38300217628 /* SpecURLSessionDataTask.swift */ = {isa = PBXFileReference; fileEncoding = 4; lastKnownFileType = sourcecode.swift; path = SpecURLSessionDataTask.swift; sourceTree = "<group>"; };
/* End PBXFileReference section */

/* Begin PBXFrameworksBuildPhase section */
		885EC1201E338E8A00A61FA1 /* Frameworks */ = {
			isa = PBXFrameworksBuildPhase;
			buildActionMask = 2147483647;
			files = (
				885EC14C1E33902800A61FA1 /* UIKitFringes.framework in Frameworks */,
			);
			runOnlyForDeploymentPostprocessing = 0;
		};
		885EC12A1E338E8B00A61FA1 /* Frameworks */ = {
			isa = PBXFrameworksBuildPhase;
			buildActionMask = 2147483647;
			files = (
				885EC12E1E338E8B00A61FA1 /* SpecUIKitFringes.framework in Frameworks */,
			);
			runOnlyForDeploymentPostprocessing = 0;
		};
/* End PBXFrameworksBuildPhase section */

/* Begin PBXGroup section */
		883E437C1E3D13DB0051BD21 /* SpecSystem */ = {
			isa = PBXGroup;
			children = (
				883E437D1E3D140F0051BD21 /* AppIconTests.swift */,
				883E43811E3D14DB0051BD21 /* HomeButtonTests.swift */,
				883E43831E3D15050051BD21 /* AppSwitcherTests.swift */,
				885EC18D1E34BC1700A61FA1 /* SpecSystemTestCase.swift */,
			);
			name = SpecSystem;
			sourceTree = "<group>";
		};
		885EC11A1E338E8A00A61FA1 = {
			isa = PBXGroup;
			children = (
				885EC1261E338E8A00A61FA1 /* Source */,
				885EC1311E338E8B00A61FA1 /* Tests */,
				885EC1251E338E8A00A61FA1 /* Products */,
				885EC14A1E33902800A61FA1 /* Frameworks */,
			);
			sourceTree = "<group>";
		};
		885EC1251E338E8A00A61FA1 /* Products */ = {
			isa = PBXGroup;
			children = (
				885EC1241E338E8A00A61FA1 /* SpecUIKitFringes.framework */,
				885EC12D1E338E8B00A61FA1 /* SpecUIKitFringesTests.xctest */,
			);
			name = Products;
			sourceTree = "<group>";
		};
		885EC1261E338E8A00A61FA1 /* Source */ = {
			isa = PBXGroup;
			children = (
				88FED4071E58F10000217628 /* SpecSettingsApp.swift */,
				88FED42C1E59C50F00217628 /* App Lifecycle */,
				88FED42D1E59C51600217628 /* View Lifecycle */,
				88FED42E1E59C51E00217628 /* URLSession */,
				88FED42F1E59C52800217628 /* Time */,
				88FED3F21E5868ED00217628 /* SpecDialogManager */,
				88FED3FC1E58C51D00217628 /* SpecLocationManager */,
				88FED4301E59C53B00217628 /* Utilities */,
				885EC13F1E338EBD00A61FA1 /* Supporting Files */,
			);
			name = Source;
			path = SpecUIKitFringes;
			sourceTree = "<group>";
		};
		885EC1311E338E8B00A61FA1 /* Tests */ = {
			isa = PBXGroup;
			children = (
				88D2C8C31E562F8B0065882D /* SpecLocationManager */,
				883E437C1E3D13DB0051BD21 /* SpecSystem */,
				885EC1521E33C0E900A61FA1 /* SpecSharedApplicationTests.swift */,
				88B4E0741E59DAE90004C839 /* SpecURLSessionTests.swift */,
				88B4E06E1E59D2780004C839 /* SpecTimeZoneProviderTests.swift */,
				88B4E0701E59D35E0004C839 /* SpecDateProviderTests.swift */,
				88B4E0721E59D6920004C839 /* SpecScheduledTimerTests.swift */,
				88D2C8E51E56E3D80065882D /* SpecDialogManagerTests.swift */,
				885EC1321E338E8B00A61FA1 /* SpecWindowTests.swift */,
				885EC1501E33BBB300A61FA1 /* SpecViewControllerTests.swift */,
				885EC1541E33C9FF00A61FA1 /* SpecNavigationControllerTests.swift */,
				885EC14D1E33980B00A61FA1 /* Fakes */,
				885EC1581E33E0A600A61FA1 /* Extensions */,
				885EC13E1E338EB400A61FA1 /* Supporting Files */,
			);
			name = Tests;
			path = SpecUIKitFringesTests;
			sourceTree = "<group>";
		};
		885EC13E1E338EB400A61FA1 /* Supporting Files */ = {
			isa = PBXGroup;
			children = (
				885EC1341E338E8B00A61FA1 /* Info.plist */,
			);
			name = "Supporting Files";
			sourceTree = "<group>";
		};
		885EC13F1E338EBD00A61FA1 /* Supporting Files */ = {
			isa = PBXGroup;
			children = (
				885EC1271E338E8A00A61FA1 /* SpecUIKitFringes.h */,
				885EC1281E338E8A00A61FA1 /* Info.plist */,
			);
			name = "Supporting Files";
			sourceTree = "<group>";
		};
		885EC14A1E33902800A61FA1 /* Frameworks */ = {
			isa = PBXGroup;
			children = (
				885EC14B1E33902800A61FA1 /* UIKitFringes.framework */,
			);
			name = Frameworks;
			sourceTree = "<group>";
		};
		885EC14D1E33980B00A61FA1 /* Fakes */ = {
			isa = PBXGroup;
			children = (
				885EC15F1E33EB1B00A61FA1 /* RecordingSpecApplicationDelegate.swift */,
				885EC14E1E33981F00A61FA1 /* RecordingSpecViewController.swift */,
				885EC1561E33CA3F00A61FA1 /* RecordingSpecNavigationController.swift */,
				883E437F1E3D149D0051BD21 /* RecordingSpecSystem.swift */,
			);
			name = Fakes;
			sourceTree = "<group>";
		};
		885EC1581E33E0A600A61FA1 /* Extensions */ = {
			isa = PBXGroup;
			children = (
				885EC1591E33E0C300A61FA1 /* XCTest.swift */,
				88FED3F91E58AFD000217628 /* CLAuthorizationStatus+CustomStringConvertible.swift */,
			);
			name = Extensions;
			sourceTree = "<group>";
		};
		88D2C8C31E562F8B0065882D /* SpecLocationManager */ = {
			isa = PBXGroup;
			children = (
				88D2C8C41E562FB30065882D /* AuthorizationInSettingsAppTests.swift */,
				88FED4011E58D30100217628 /* MultipleLocationManagersTests.swift */,
				88D2C8C61E562FB30065882D /* GeneralAuthorizationStatusesTests.swift */,
				88D2C8C71E562FB30065882D /* LocationServicesTests.swift */,
				88D2C8C81E562FB30065882D /* LocationUpdatingTests.swift */,
				88D2C8C91E562FB30065882D /* RequestingAuthorizationTests.swift */,
				88D2C8CA1E562FB30065882D /* SpecLocationManagerDelegate.swift */,
				88D2C8C51E562FB30065882D /* SpecLocationManagerTestCase.swift */,
			);
			name = SpecLocationManager;
			sourceTree = "<group>";
		};
		88FED3F21E5868ED00217628 /* SpecDialogManager */ = {
			isa = PBXGroup;
			children = (
				88D2C8E31E56E3B40065882D /* SpecDialogManager.swift */,
				88FED3F71E5870CD00217628 /* SpecDialog.swift */,
				88FED3F31E58690300217628 /* SpecDialogIdentifier.swift */,
			);
			name = SpecDialogManager;
			sourceTree = "<group>";
		};
		88FED3FC1E58C51D00217628 /* SpecLocationManager */ = {
			isa = PBXGroup;
			children = (
				88D2C8B21E562D810065882D /* SpecLocationManager.swift */,
				88FED4031E58D39700217628 /* SpecLocationManagerFactory.swift */,
				88FED3FD1E58C81000217628 /* SpecLocationServices.swift */,
				88FED3FF1E58CDC000217628 /* SpecLocationAuthorizationStatus.swift */,
				88FED4091E58F56300217628 /* SpecUserLocation.swift */,
			);
			name = SpecLocationManager;
			sourceTree = "<group>";
		};
		88FED4191E59BDFD00217628 /* SpecTimer */ = {
			isa = PBXGroup;
			children = (
				88FED4151E59BDF800217628 /* SpecScheduledTimer.swift */,
				88FED4161E59BDF800217628 /* SpecTimerFactory.swift */,
			);
			name = SpecTimer;
			sourceTree = "<group>";
		};
		88FED42C1E59C50F00217628 /* App Lifecycle */ = {
			isa = PBXGroup;
			children = (
				885EC18F1E34BC6100A61FA1 /* SpecSystem.swift */,
				885EC15B1E33EA2A00A61FA1 /* SpecApplicationDelegate.swift */,
				885EC1431E338F4200A61FA1 /* SpecSharedApplication.swift */,
			);
			name = "App Lifecycle";
			sourceTree = "<group>";
		};
		88FED42D1E59C51600217628 /* View Lifecycle */ = {
			isa = PBXGroup;
			children = (
				885EC1451E338F4200A61FA1 /* SpecWindow.swift */,
				885EC1441E338F4200A61FA1 /* SpecViewController.swift */,
				885EC1421E338F4200A61FA1 /* SpecNavigationController.swift */,
			);
			name = "View Lifecycle";
			sourceTree = "<group>";
		};
		88FED42E1E59C51E00217628 /* URLSession */ = {
			isa = PBXGroup;
			children = (
				88FED4261E59C38300217628 /* SpecURLSession.swift */,
				88FED4271E59C38300217628 /* SpecURLSessionDataTask.swift */,
			);
			name = URLSession;
			sourceTree = "<group>";
		};
		88FED42F1E59C52800217628 /* Time */ = {
			isa = PBXGroup;
			children = (
				88FED4191E59BDFD00217628 /* SpecTimer */,
				88FED40F1E59B97700217628 /* SpecDateProvider.swift */,
				88FED40B1E59B76700217628 /* SpecTimeZoneProvider.swift */,
			);
			name = Time;
			sourceTree = "<group>";
		};
		88FED4301E59C53B00217628 /* Utilities */ = {
			isa = PBXGroup;
			children = (
				88FED4051E58DEA500217628 /* SpecMulticaster.swift */,
				883E43721E3CF9880051BD21 /* SpecErrorHandler.swift */,
			);
			name = Utilities;
			sourceTree = "<group>";
		};
/* End PBXGroup section */

/* Begin PBXHeadersBuildPhase section */
		885EC1211E338E8A00A61FA1 /* Headers */ = {
			isa = PBXHeadersBuildPhase;
			buildActionMask = 2147483647;
			files = (
				885EC1351E338E8B00A61FA1 /* SpecUIKitFringes.h in Headers */,
			);
			runOnlyForDeploymentPostprocessing = 0;
		};
/* End PBXHeadersBuildPhase section */

/* Begin PBXNativeTarget section */
		885EC1231E338E8A00A61FA1 /* SpecUIKitFringes */ = {
			isa = PBXNativeTarget;
			buildConfigurationList = 885EC1381E338E8B00A61FA1 /* Build configuration list for PBXNativeTarget "SpecUIKitFringes" */;
			buildPhases = (
				885EC11F1E338E8A00A61FA1 /* Sources */,
				885EC1201E338E8A00A61FA1 /* Frameworks */,
				885EC1211E338E8A00A61FA1 /* Headers */,
				885EC1221E338E8A00A61FA1 /* Resources */,
			);
			buildRules = (
			);
			dependencies = (
			);
			name = SpecUIKitFringes;
			productName = SpecUIKitFringes;
			productReference = 885EC1241E338E8A00A61FA1 /* SpecUIKitFringes.framework */;
			productType = "com.apple.product-type.framework";
		};
		885EC12C1E338E8B00A61FA1 /* SpecUIKitFringesTests */ = {
			isa = PBXNativeTarget;
			buildConfigurationList = 885EC13B1E338E8B00A61FA1 /* Build configuration list for PBXNativeTarget "SpecUIKitFringesTests" */;
			buildPhases = (
				885EC1291E338E8B00A61FA1 /* Sources */,
				885EC12A1E338E8B00A61FA1 /* Frameworks */,
				885EC12B1E338E8B00A61FA1 /* Resources */,
			);
			buildRules = (
			);
			dependencies = (
				885EC1301E338E8B00A61FA1 /* PBXTargetDependency */,
			);
			name = SpecUIKitFringesTests;
			productName = SpecUIKitFringesTests;
			productReference = 885EC12D1E338E8B00A61FA1 /* SpecUIKitFringesTests.xctest */;
			productType = "com.apple.product-type.bundle.unit-test";
		};
/* End PBXNativeTarget section */

/* Begin PBXProject section */
		885EC11B1E338E8A00A61FA1 /* Project object */ = {
			isa = PBXProject;
			attributes = {
				LastSwiftUpdateCheck = 0820;
				LastUpgradeCheck = 0820;
				ORGANIZATIONNAME = solidcell;
				TargetAttributes = {
					885EC1231E338E8A00A61FA1 = {
						CreatedOnToolsVersion = 8.2.1;
						LastSwiftMigration = 0820;
						ProvisioningStyle = Automatic;
					};
					885EC12C1E338E8B00A61FA1 = {
						CreatedOnToolsVersion = 8.2.1;
						ProvisioningStyle = Automatic;
					};
				};
			};
			buildConfigurationList = 885EC11E1E338E8A00A61FA1 /* Build configuration list for PBXProject "SpecUIKitFringes" */;
			compatibilityVersion = "Xcode 3.2";
			developmentRegion = English;
			hasScannedForEncodings = 0;
			knownRegions = (
				en,
			);
			mainGroup = 885EC11A1E338E8A00A61FA1;
			productRefGroup = 885EC1251E338E8A00A61FA1 /* Products */;
			projectDirPath = "";
			projectRoot = "";
			targets = (
				885EC1231E338E8A00A61FA1 /* SpecUIKitFringes */,
				885EC12C1E338E8B00A61FA1 /* SpecUIKitFringesTests */,
			);
		};
/* End PBXProject section */

/* Begin PBXResourcesBuildPhase section */
		885EC1221E338E8A00A61FA1 /* Resources */ = {
			isa = PBXResourcesBuildPhase;
			buildActionMask = 2147483647;
			files = (
			);
			runOnlyForDeploymentPostprocessing = 0;
		};
		885EC12B1E338E8B00A61FA1 /* Resources */ = {
			isa = PBXResourcesBuildPhase;
			buildActionMask = 2147483647;
			files = (
			);
			runOnlyForDeploymentPostprocessing = 0;
		};
/* End PBXResourcesBuildPhase section */

/* Begin PBXSourcesBuildPhase section */
		885EC11F1E338E8A00A61FA1 /* Sources */ = {
			isa = PBXSourcesBuildPhase;
			buildActionMask = 2147483647;
			files = (
				88FED4171E59BDF800217628 /* SpecScheduledTimer.swift in Sources */,
				88FED4101E59B97700217628 /* SpecDateProvider.swift in Sources */,
				88FED4041E58D39700217628 /* SpecLocationManagerFactory.swift in Sources */,
				88FED3F81E5870CD00217628 /* SpecDialog.swift in Sources */,
				88D2C8E41E56E3B40065882D /* SpecDialogManager.swift in Sources */,
				885EC1481E338F4200A61FA1 /* SpecViewController.swift in Sources */,
				88FED4001E58CDC000217628 /* SpecLocationAuthorizationStatus.swift in Sources */,
				885EC1471E338F4200A61FA1 /* SpecSharedApplication.swift in Sources */,
				885EC15C1E33EA2A00A61FA1 /* SpecApplicationDelegate.swift in Sources */,
				88FED4061E58DEA500217628 /* SpecMulticaster.swift in Sources */,
				88FED40C1E59B76700217628 /* SpecTimeZoneProvider.swift in Sources */,
				88FED4281E59C38300217628 /* SpecURLSession.swift in Sources */,
				88FED4181E59BDF800217628 /* SpecTimerFactory.swift in Sources */,
				88FED40A1E58F56300217628 /* SpecUserLocation.swift in Sources */,
				885EC1911E34BC6600A61FA1 /* SpecSystem.swift in Sources */,
				88FED3F41E58690300217628 /* SpecDialogIdentifier.swift in Sources */,
				885EC1491E338F4200A61FA1 /* SpecWindow.swift in Sources */,
				883E43731E3CF9880051BD21 /* SpecErrorHandler.swift in Sources */,
				88FED3FE1E58C81000217628 /* SpecLocationServices.swift in Sources */,
				88FED4291E59C38300217628 /* SpecURLSessionDataTask.swift in Sources */,
				88FED4081E58F10000217628 /* SpecSettingsApp.swift in Sources */,
				885EC1461E338F4200A61FA1 /* SpecNavigationController.swift in Sources */,
				88D2C8B31E562D810065882D /* SpecLocationManager.swift in Sources */,
			);
			runOnlyForDeploymentPostprocessing = 0;
		};
		885EC1291E338E8B00A61FA1 /* Sources */ = {
			isa = PBXSourcesBuildPhase;
			buildActionMask = 2147483647;
			files = (
				885EC1531E33C0E900A61FA1 /* SpecSharedApplicationTests.swift in Sources */,
				885EC1331E338E8B00A61FA1 /* SpecWindowTests.swift in Sources */,
				88B4E0731E59D6920004C839 /* SpecScheduledTimerTests.swift in Sources */,
				88D2C8D21E562FF70065882D /* AuthorizationInSettingsAppTests.swift in Sources */,
				885EC1571E33CA3F00A61FA1 /* RecordingSpecNavigationController.swift in Sources */,
				88D2C8D71E562FF70065882D /* RequestingAuthorizationTests.swift in Sources */,
				88B4E0751E59DAE90004C839 /* SpecURLSessionTests.swift in Sources */,
				885EC14F1E33981F00A61FA1 /* RecordingSpecViewController.swift in Sources */,
				885EC1551E33C9FF00A61FA1 /* SpecNavigationControllerTests.swift in Sources */,
				88FED4021E58D30100217628 /* MultipleLocationManagersTests.swift in Sources */,
				883E43821E3D14DB0051BD21 /* HomeButtonTests.swift in Sources */,
				883E43801E3D149D0051BD21 /* RecordingSpecSystem.swift in Sources */,
				88D2C8D51E562FF70065882D /* LocationServicesTests.swift in Sources */,
				885EC1601E33EB1B00A61FA1 /* RecordingSpecApplicationDelegate.swift in Sources */,
				88D2C8D31E562FF70065882D /* SpecLocationManagerTestCase.swift in Sources */,
				88D2C8D61E562FF70065882D /* LocationUpdatingTests.swift in Sources */,
				88FED3FB1E58AFE100217628 /* CLAuthorizationStatus+CustomStringConvertible.swift in Sources */,
				883E43841E3D15050051BD21 /* AppSwitcherTests.swift in Sources */,
				88B4E0711E59D35E0004C839 /* SpecDateProviderTests.swift in Sources */,
				88D2C8D41E562FF70065882D /* GeneralAuthorizationStatusesTests.swift in Sources */,
				883E437E1E3D140F0051BD21 /* AppIconTests.swift in Sources */,
				88D2C8E61E56E3D80065882D /* SpecDialogManagerTests.swift in Sources */,
				88D2C8D81E562FF70065882D /* SpecLocationManagerDelegate.swift in Sources */,
				885EC18E1E34BC1700A61FA1 /* SpecSystemTestCase.swift in Sources */,
				885EC15A1E33E0C300A61FA1 /* XCTest.swift in Sources */,
				88B4E06F1E59D2780004C839 /* SpecTimeZoneProviderTests.swift in Sources */,
				885EC1511E33BBB300A61FA1 /* SpecViewControllerTests.swift in Sources */,
			);
			runOnlyForDeploymentPostprocessing = 0;
		};
/* End PBXSourcesBuildPhase section */

/* Begin PBXTargetDependency section */
		885EC1301E338E8B00A61FA1 /* PBXTargetDependency */ = {
			isa = PBXTargetDependency;
			target = 885EC1231E338E8A00A61FA1 /* SpecUIKitFringes */;
			targetProxy = 885EC12F1E338E8B00A61FA1 /* PBXContainerItemProxy */;
		};
/* End PBXTargetDependency section */

/* Begin XCBuildConfiguration section */
		885EC1361E338E8B00A61FA1 /* Debug */ = {
			isa = XCBuildConfiguration;
			buildSettings = {
				ALWAYS_SEARCH_USER_PATHS = NO;
				CLANG_ANALYZER_NONNULL = YES;
				CLANG_CXX_LANGUAGE_STANDARD = "gnu++0x";
				CLANG_CXX_LIBRARY = "libc++";
				CLANG_ENABLE_MODULES = YES;
				CLANG_ENABLE_OBJC_ARC = YES;
				CLANG_WARN_BOOL_CONVERSION = YES;
				CLANG_WARN_CONSTANT_CONVERSION = YES;
				CLANG_WARN_DIRECT_OBJC_ISA_USAGE = YES_ERROR;
				CLANG_WARN_DOCUMENTATION_COMMENTS = YES;
				CLANG_WARN_EMPTY_BODY = YES;
				CLANG_WARN_ENUM_CONVERSION = YES;
				CLANG_WARN_INFINITE_RECURSION = YES;
				CLANG_WARN_INT_CONVERSION = YES;
				CLANG_WARN_OBJC_ROOT_CLASS = YES_ERROR;
				CLANG_WARN_SUSPICIOUS_MOVE = YES;
				CLANG_WARN_UNREACHABLE_CODE = YES;
				CLANG_WARN__DUPLICATE_METHOD_MATCH = YES;
				"CODE_SIGN_IDENTITY[sdk=iphoneos*]" = "iPhone Developer";
				COPY_PHASE_STRIP = NO;
				CURRENT_PROJECT_VERSION = 1;
				DEBUG_INFORMATION_FORMAT = dwarf;
				ENABLE_STRICT_OBJC_MSGSEND = YES;
				ENABLE_TESTABILITY = YES;
				GCC_C_LANGUAGE_STANDARD = gnu99;
				GCC_DYNAMIC_NO_PIC = NO;
				GCC_NO_COMMON_BLOCKS = YES;
				GCC_OPTIMIZATION_LEVEL = 0;
				GCC_PREPROCESSOR_DEFINITIONS = (
					"DEBUG=1",
					"$(inherited)",
				);
				GCC_WARN_64_TO_32_BIT_CONVERSION = YES;
				GCC_WARN_ABOUT_RETURN_TYPE = YES_ERROR;
				GCC_WARN_UNDECLARED_SELECTOR = YES;
				GCC_WARN_UNINITIALIZED_AUTOS = YES_AGGRESSIVE;
				GCC_WARN_UNUSED_FUNCTION = YES;
				GCC_WARN_UNUSED_VARIABLE = YES;
				IPHONEOS_DEPLOYMENT_TARGET = 9.0;
				MTL_ENABLE_DEBUG_INFO = YES;
				ONLY_ACTIVE_ARCH = YES;
				SDKROOT = iphoneos;
				SWIFT_ACTIVE_COMPILATION_CONDITIONS = DEBUG;
				SWIFT_OPTIMIZATION_LEVEL = "-Onone";
				TARGETED_DEVICE_FAMILY = "1,2";
				VERSIONING_SYSTEM = "apple-generic";
				VERSION_INFO_PREFIX = "";
			};
			name = Debug;
		};
		885EC1371E338E8B00A61FA1 /* Release */ = {
			isa = XCBuildConfiguration;
			buildSettings = {
				ALWAYS_SEARCH_USER_PATHS = NO;
				CLANG_ANALYZER_NONNULL = YES;
				CLANG_CXX_LANGUAGE_STANDARD = "gnu++0x";
				CLANG_CXX_LIBRARY = "libc++";
				CLANG_ENABLE_MODULES = YES;
				CLANG_ENABLE_OBJC_ARC = YES;
				CLANG_WARN_BOOL_CONVERSION = YES;
				CLANG_WARN_CONSTANT_CONVERSION = YES;
				CLANG_WARN_DIRECT_OBJC_ISA_USAGE = YES_ERROR;
				CLANG_WARN_DOCUMENTATION_COMMENTS = YES;
				CLANG_WARN_EMPTY_BODY = YES;
				CLANG_WARN_ENUM_CONVERSION = YES;
				CLANG_WARN_INFINITE_RECURSION = YES;
				CLANG_WARN_INT_CONVERSION = YES;
				CLANG_WARN_OBJC_ROOT_CLASS = YES_ERROR;
				CLANG_WARN_SUSPICIOUS_MOVE = YES;
				CLANG_WARN_UNREACHABLE_CODE = YES;
				CLANG_WARN__DUPLICATE_METHOD_MATCH = YES;
				"CODE_SIGN_IDENTITY[sdk=iphoneos*]" = "iPhone Developer";
				COPY_PHASE_STRIP = NO;
				CURRENT_PROJECT_VERSION = 1;
				DEBUG_INFORMATION_FORMAT = "dwarf-with-dsym";
				ENABLE_NS_ASSERTIONS = NO;
				ENABLE_STRICT_OBJC_MSGSEND = YES;
				GCC_C_LANGUAGE_STANDARD = gnu99;
				GCC_NO_COMMON_BLOCKS = YES;
				GCC_WARN_64_TO_32_BIT_CONVERSION = YES;
				GCC_WARN_ABOUT_RETURN_TYPE = YES_ERROR;
				GCC_WARN_UNDECLARED_SELECTOR = YES;
				GCC_WARN_UNINITIALIZED_AUTOS = YES_AGGRESSIVE;
				GCC_WARN_UNUSED_FUNCTION = YES;
				GCC_WARN_UNUSED_VARIABLE = YES;
				IPHONEOS_DEPLOYMENT_TARGET = 9.0;
				MTL_ENABLE_DEBUG_INFO = NO;
				SDKROOT = iphoneos;
				SWIFT_OPTIMIZATION_LEVEL = "-Owholemodule";
				TARGETED_DEVICE_FAMILY = "1,2";
				VALIDATE_PRODUCT = YES;
				VERSIONING_SYSTEM = "apple-generic";
				VERSION_INFO_PREFIX = "";
			};
			name = Release;
		};
		885EC1391E338E8B00A61FA1 /* Debug */ = {
			isa = XCBuildConfiguration;
			buildSettings = {
				CLANG_ENABLE_MODULES = YES;
				CODE_SIGN_IDENTITY = "";
				DEFINES_MODULE = YES;
				DYLIB_COMPATIBILITY_VERSION = 1;
				DYLIB_CURRENT_VERSION = 1;
				DYLIB_INSTALL_NAME_BASE = "@rpath";
				INFOPLIST_FILE = SpecUIKitFringes/Info.plist;
				INSTALL_PATH = "$(LOCAL_LIBRARY_DIR)/Frameworks";
				LD_RUNPATH_SEARCH_PATHS = "$(inherited) @executable_path/Frameworks @loader_path/Frameworks";
				PRODUCT_BUNDLE_IDENTIFIER = com.solidcell.SpecUIKitFringes;
				PRODUCT_NAME = "$(TARGET_NAME)";
				SKIP_INSTALL = YES;
				SWIFT_OPTIMIZATION_LEVEL = "-Onone";
				SWIFT_VERSION = 3.0;
			};
			name = Debug;
		};
		885EC13A1E338E8B00A61FA1 /* Release */ = {
			isa = XCBuildConfiguration;
			buildSettings = {
				CLANG_ENABLE_MODULES = YES;
				CODE_SIGN_IDENTITY = "";
				DEFINES_MODULE = YES;
				DYLIB_COMPATIBILITY_VERSION = 1;
				DYLIB_CURRENT_VERSION = 1;
				DYLIB_INSTALL_NAME_BASE = "@rpath";
				INFOPLIST_FILE = SpecUIKitFringes/Info.plist;
				INSTALL_PATH = "$(LOCAL_LIBRARY_DIR)/Frameworks";
				LD_RUNPATH_SEARCH_PATHS = "$(inherited) @executable_path/Frameworks @loader_path/Frameworks";
				PRODUCT_BUNDLE_IDENTIFIER = com.solidcell.SpecUIKitFringes;
				PRODUCT_NAME = "$(TARGET_NAME)";
				SKIP_INSTALL = YES;
				SWIFT_VERSION = 3.0;
			};
			name = Release;
		};
		885EC13C1E338E8B00A61FA1 /* Debug */ = {
			isa = XCBuildConfiguration;
			buildSettings = {
				ALWAYS_EMBED_SWIFT_STANDARD_LIBRARIES = YES;
				INFOPLIST_FILE = SpecUIKitFringesTests/Info.plist;
				LD_RUNPATH_SEARCH_PATHS = "$(inherited) @executable_path/Frameworks @loader_path/Frameworks";
				PRODUCT_BUNDLE_IDENTIFIER = com.solidcell.SpecUIKitFringesTests;
				PRODUCT_NAME = "$(TARGET_NAME)";
				SWIFT_VERSION = 3.0;
			};
			name = Debug;
		};
		885EC13D1E338E8B00A61FA1 /* Release */ = {
			isa = XCBuildConfiguration;
			buildSettings = {
				ALWAYS_EMBED_SWIFT_STANDARD_LIBRARIES = YES;
				INFOPLIST_FILE = SpecUIKitFringesTests/Info.plist;
				LD_RUNPATH_SEARCH_PATHS = "$(inherited) @executable_path/Frameworks @loader_path/Frameworks";
				PRODUCT_BUNDLE_IDENTIFIER = com.solidcell.SpecUIKitFringesTests;
				PRODUCT_NAME = "$(TARGET_NAME)";
				SWIFT_VERSION = 3.0;
			};
			name = Release;
		};
/* End XCBuildConfiguration section */

/* Begin XCConfigurationList section */
		885EC11E1E338E8A00A61FA1 /* Build configuration list for PBXProject "SpecUIKitFringes" */ = {
			isa = XCConfigurationList;
			buildConfigurations = (
				885EC1361E338E8B00A61FA1 /* Debug */,
				885EC1371E338E8B00A61FA1 /* Release */,
			);
			defaultConfigurationIsVisible = 0;
			defaultConfigurationName = Release;
		};
		885EC1381E338E8B00A61FA1 /* Build configuration list for PBXNativeTarget "SpecUIKitFringes" */ = {
			isa = XCConfigurationList;
			buildConfigurations = (
				885EC1391E338E8B00A61FA1 /* Debug */,
				885EC13A1E338E8B00A61FA1 /* Release */,
			);
			defaultConfigurationIsVisible = 0;
			defaultConfigurationName = Release;
		};
		885EC13B1E338E8B00A61FA1 /* Build configuration list for PBXNativeTarget "SpecUIKitFringesTests" */ = {
			isa = XCConfigurationList;
			buildConfigurations = (
				885EC13C1E338E8B00A61FA1 /* Debug */,
				885EC13D1E338E8B00A61FA1 /* Release */,
			);
			defaultConfigurationIsVisible = 0;
			defaultConfigurationName = Release;
		};
/* End XCConfigurationList section */
	};
	rootObject = 885EC11B1E338E8A00A61FA1 /* Project object */;
}
