// !$*UTF8*$!
{
	archiveVersion = 1;
	classes = {
	};
	objectVersion = 46;
	objects = {

/* Begin PBXBuildFile section */
		196FC76CBC4475AFBD08C51A /* Pods_TransitAppTests.framework in Frameworks */ = {isa = PBXBuildFile; fileRef = 7699D0244E47BFD344B758C0 /* Pods_TransitAppTests.framework */; };
		880A05741E0FEEE600CFAFF4 /* AppCoordinator.swift in Sources */ = {isa = PBXBuildFile; fileRef = 880A05731E0FEEE600CFAFF4 /* AppCoordinator.swift */; };
		880A05781E0FF21D00CFAFF4 /* GeneralFeaturesSpec.swift in Sources */ = {isa = PBXBuildFile; fileRef = 880A05771E0FF21D00CFAFF4 /* GeneralFeaturesSpec.swift */; };
		880A057B1E100EB600CFAFF4 /* SpecJSONFetcher.swift in Sources */ = {isa = PBXBuildFile; fileRef = 880A057A1E100EB600CFAFF4 /* SpecJSONFetcher.swift */; };
		880A057D1E100F1100CFAFF4 /* SpecFetchTimer.swift in Sources */ = {isa = PBXBuildFile; fileRef = 880A057C1E100F1100CFAFF4 /* SpecFetchTimer.swift */; };
		880A057F1E100FB300CFAFF4 /* SpecScooterRealmNotifier.swift in Sources */ = {isa = PBXBuildFile; fileRef = 880A057E1E100FB300CFAFF4 /* SpecScooterRealmNotifier.swift */; };
		880A05811E10330A00CFAFF4 /* SpecMapView.swift in Sources */ = {isa = PBXBuildFile; fileRef = 880A05801E10330A00CFAFF4 /* SpecMapView.swift */; };
		880A05831E10353700CFAFF4 /* MapViewControllerFactory.swift in Sources */ = {isa = PBXBuildFile; fileRef = 880A05821E10353700CFAFF4 /* MapViewControllerFactory.swift */; };
		880A05851E103ABE00CFAFF4 /* MapViewModel.swift in Sources */ = {isa = PBXBuildFile; fileRef = 880A05841E103ABE00CFAFF4 /* MapViewModel.swift */; };
		880A05881E112B5500CFAFF4 /* ScooterJSON.swift in Sources */ = {isa = PBXBuildFile; fileRef = 880A05871E112B5500CFAFF4 /* ScooterJSON.swift */; };
		880A058A1E1134EF00CFAFF4 /* SpecScooterUpdater.swift in Sources */ = {isa = PBXBuildFile; fileRef = 880A05891E1134EF00CFAFF4 /* SpecScooterUpdater.swift */; };
		880EB0611DC334F500C5830E /* TransitAppSpec.swift in Sources */ = {isa = PBXBuildFile; fileRef = 880EB0601DC334F500C5830E /* TransitAppSpec.swift */; };
		880EB0641DC338EF00C5830E /* MainCoordinator.swift in Sources */ = {isa = PBXBuildFile; fileRef = 880EB0631DC338EF00C5830E /* MainCoordinator.swift */; };
		880EB0671DC360C900C5830E /* MapAnnotationProviderSpec.swift in Sources */ = {isa = PBXBuildFile; fileRef = 880EB0661DC360C900C5830E /* MapAnnotationProviderSpec.swift */; };
		880EB06C1DC363D700C5830E /* CLLocationCoordinate2D.swift in Sources */ = {isa = PBXBuildFile; fileRef = 880EB06B1DC363D700C5830E /* CLLocationCoordinate2D.swift */; };
		880EB06F1DC36E1A00C5830E /* MapRegionProvider.swift in Sources */ = {isa = PBXBuildFile; fileRef = 880EB06E1DC36E1A00C5830E /* MapRegionProvider.swift */; };
		880EB0711DC3736F00C5830E /* MapViewDelegate.swift in Sources */ = {isa = PBXBuildFile; fileRef = 880EB0701DC3736F00C5830E /* MapViewDelegate.swift */; };
		880EB0751DC37E6A00C5830E /* CoupBusinessAreasData.json in Resources */ = {isa = PBXBuildFile; fileRef = 880EB0741DC37E6A00C5830E /* CoupBusinessAreasData.json */; };
		880EB07D1DC3975400C5830E /* Scooter.swift in Sources */ = {isa = PBXBuildFile; fileRef = 880EB07C1DC3975400C5830E /* Scooter.swift */; };
		880EB0871DC398FC00C5830E /* ScooterParserSpec.swift in Sources */ = {isa = PBXBuildFile; fileRef = 880EB0861DC398FC00C5830E /* ScooterParserSpec.swift */; };
		880EB08C1DC3994E00C5830E /* ScooterParser.swift in Sources */ = {isa = PBXBuildFile; fileRef = 880EB08B1DC3994E00C5830E /* ScooterParser.swift */; };
		880EB08D1DC399BC00C5830E /* TestScooterJSON.json in Resources */ = {isa = PBXBuildFile; fileRef = 880EB0821DC3986400C5830E /* TestScooterJSON.json */; };
		880EB0911DC39FCB00C5830E /* SeedDataParser.swift in Sources */ = {isa = PBXBuildFile; fileRef = 880EB0901DC39FCB00C5830E /* SeedDataParser.swift */; };
		880EB0931DC3A20200C5830E /* MapAnnotationProvider.swift in Sources */ = {isa = PBXBuildFile; fileRef = 880EB0921DC3A20200C5830E /* MapAnnotationProvider.swift */; };
		8827E1301DC0BB5E00E06654 /* TestRandomJSON.json in Resources */ = {isa = PBXBuildFile; fileRef = 8827E12F1DC0BB5E00E06654 /* TestRandomJSON.json */; };
		8827E1341DC0BC9900E06654 /* JSONParserSpec.swift in Sources */ = {isa = PBXBuildFile; fileRef = 8827E1331DC0BC9900E06654 /* JSONParserSpec.swift */; };
		8827E1361DC0BD4300E06654 /* JSONParser.swift in Sources */ = {isa = PBXBuildFile; fileRef = 8827E1351DC0BD4300E06654 /* JSONParser.swift */; };
		8827E1371DC0C33800E06654 /* TestRandomJSON.json in Resources */ = {isa = PBXBuildFile; fileRef = 8827E12F1DC0BB5E00E06654 /* TestRandomJSON.json */; };
		8827E14F1DC0FD1500E06654 /* main.swift in Sources */ = {isa = PBXBuildFile; fileRef = 8827E14E1DC0FD1500E06654 /* main.swift */; };
		8827E15E1DC2507100E06654 /* SeedDataParserSpec.swift in Sources */ = {isa = PBXBuildFile; fileRef = 8827E15D1DC2507100E06654 /* SeedDataParserSpec.swift */; };
		883D8FC91DCE07C5006B6B92 /* ScooterRealmNotifier.swift in Sources */ = {isa = PBXBuildFile; fileRef = 883D8FC81DCE07C5006B6B92 /* ScooterRealmNotifier.swift */; };
		887DBED41DC62A8500D92E19 /* UIColor.swift in Sources */ = {isa = PBXBuildFile; fileRef = 887DBED31DC62A8500D92E19 /* UIColor.swift */; };
		887DBEDC1DC75AD300D92E19 /* MapCoordinator.swift in Sources */ = {isa = PBXBuildFile; fileRef = 887DBEDB1DC75AD300D92E19 /* MapCoordinator.swift */; };
		887DBEDE1DC75B3E00D92E19 /* MapViewController.swift in Sources */ = {isa = PBXBuildFile; fileRef = 887DBEDD1DC75B3E00D92E19 /* MapViewController.swift */; };
		887DBEE01DC75CED00D92E19 /* MapViewController.storyboard in Resources */ = {isa = PBXBuildFile; fileRef = 887DBEDF1DC75CED00D92E19 /* MapViewController.storyboard */; };
		887DBEE91DC8A24B00D92E19 /* MapAnnotationDataSource.swift in Sources */ = {isa = PBXBuildFile; fileRef = 887DBEE81DC8A24B00D92E19 /* MapAnnotationDataSource.swift */; };
		887DBEEB1DC8B11D00D92E19 /* CoupMapAnnotationSpec.swift in Sources */ = {isa = PBXBuildFile; fileRef = 887DBEEA1DC8B11D00D92E19 /* CoupMapAnnotationSpec.swift */; };
		887DBEED1DC8B82D00D92E19 /* JSONFetcher.swift in Sources */ = {isa = PBXBuildFile; fileRef = 887DBEEC1DC8B82D00D92E19 /* JSONFetcher.swift */; };
		887DBEF21DC8C31A00D92E19 /* FetchTimer.swift in Sources */ = {isa = PBXBuildFile; fileRef = 887DBEF11DC8C31A00D92E19 /* FetchTimer.swift */; };
		887DBEF51DC8CDC700D92E19 /* ScooterFetcher.swift in Sources */ = {isa = PBXBuildFile; fileRef = 887DBEF41DC8CDC700D92E19 /* ScooterFetcher.swift */; };
		887DBEF71DC8CDE200D92E19 /* ScooterFetcherSpec.swift in Sources */ = {isa = PBXBuildFile; fileRef = 887DBEF61DC8CDE200D92E19 /* ScooterFetcherSpec.swift */; };
		887DBEF91DC8D9BA00D92E19 /* ScooterUpdater.swift in Sources */ = {isa = PBXBuildFile; fileRef = 887DBEF81DC8D9BA00D92E19 /* ScooterUpdater.swift */; };
		887DBEFB1DC8DF6700D92E19 /* ScooterUpdaterSpec.swift in Sources */ = {isa = PBXBuildFile; fileRef = 887DBEFA1DC8DF6700D92E19 /* ScooterUpdaterSpec.swift */; };
		887DBEFD1DCA174400D92E19 /* MapRegionProviderSpec.swift in Sources */ = {isa = PBXBuildFile; fileRef = 887DBEFC1DCA174400D92E19 /* MapRegionProviderSpec.swift */; };
		8884CE281DC52F63004365B3 /* CoupMapAnnotation.swift in Sources */ = {isa = PBXBuildFile; fileRef = 8884CE271DC52F63004365B3 /* CoupMapAnnotation.swift */; };
		8884CE2A1DC53316004365B3 /* MapViewDelegateSpec.swift in Sources */ = {isa = PBXBuildFile; fileRef = 8884CE291DC53316004365B3 /* MapViewDelegateSpec.swift */; };
		8884CE2E1DC5386E004365B3 /* CoupMapAnnotationViewCreator.swift in Sources */ = {isa = PBXBuildFile; fileRef = 8884CE2D1DC5386E004365B3 /* CoupMapAnnotationViewCreator.swift */; };
		8884CE301DC5EF52004365B3 /* CoupMapAnnotationView.swift in Sources */ = {isa = PBXBuildFile; fileRef = 8884CE2F1DC5EF52004365B3 /* CoupMapAnnotationView.swift */; };
		8884CE341DC60AD8004365B3 /* BusinessAreaParserSpec.swift in Sources */ = {isa = PBXBuildFile; fileRef = 8884CE331DC60AD8004365B3 /* BusinessAreaParserSpec.swift */; };
		8884CE361DC60B2C004365B3 /* BusinessAreaParser.swift in Sources */ = {isa = PBXBuildFile; fileRef = 8884CE351DC60B2C004365B3 /* BusinessAreaParser.swift */; };
		8884CE381DC60B98004365B3 /* TestBusinessAreaJSON.json in Resources */ = {isa = PBXBuildFile; fileRef = 8884CE371DC60B98004365B3 /* TestBusinessAreaJSON.json */; };
		8884CE3A1DC60CC7004365B3 /* BusinessArea.swift in Sources */ = {isa = PBXBuildFile; fileRef = 8884CE391DC60CC7004365B3 /* BusinessArea.swift */; };
		8884CE3C1DC60FCC004365B3 /* BusinessAreaCoordinate.swift in Sources */ = {isa = PBXBuildFile; fileRef = 8884CE3B1DC60FCC004365B3 /* BusinessAreaCoordinate.swift */; };
		8884CE3F1DC61038004365B3 /* BusinessAreaCoordinateParser.swift in Sources */ = {isa = PBXBuildFile; fileRef = 8884CE3E1DC61038004365B3 /* BusinessAreaCoordinateParser.swift */; };
		8884CE421DC6160A004365B3 /* MapOverlayProviderSpec.swift in Sources */ = {isa = PBXBuildFile; fileRef = 8884CE411DC6160A004365B3 /* MapOverlayProviderSpec.swift */; };
		8884CE441DC6167A004365B3 /* MapOverlayProvider.swift in Sources */ = {isa = PBXBuildFile; fileRef = 8884CE431DC6167A004365B3 /* MapOverlayProvider.swift */; };
		8884CE471DC619C5004365B3 /* MapOverlayCreator.swift in Sources */ = {isa = PBXBuildFile; fileRef = 8884CE461DC619C5004365B3 /* MapOverlayCreator.swift */; };
		889705AF1DCC9F2C00D8D8DF /* CurrentLocationProviderSpec.swift in Sources */ = {isa = PBXBuildFile; fileRef = 889705AE1DCC9F2C00D8D8DF /* CurrentLocationProviderSpec.swift */; };
		889705B11DCC9F7300D8D8DF /* CurrentLocationProvider.swift in Sources */ = {isa = PBXBuildFile; fileRef = 889705B01DCC9F7300D8D8DF /* CurrentLocationProvider.swift */; };
		88A303031DD082310054A1CE /* Equatable.swift in Sources */ = {isa = PBXBuildFile; fileRef = 88A303021DD082310054A1CE /* Equatable.swift */; };
		88DD9EDC1DD474D4001BD5BE /* FakeLocationManager.framework in Frameworks */ = {isa = PBXBuildFile; fileRef = 88DD9EDB1DD474D4001BD5BE /* FakeLocationManager.framework */; };
		88DF69391DBF905F00FE11F0 /* AppDelegate.swift in Sources */ = {isa = PBXBuildFile; fileRef = 88DF69381DBF905F00FE11F0 /* AppDelegate.swift */; };
		88DF69401DBF905F00FE11F0 /* Assets.xcassets in Resources */ = {isa = PBXBuildFile; fileRef = 88DF693F1DBF905F00FE11F0 /* Assets.xcassets */; };
		88DF69431DBF905F00FE11F0 /* LaunchScreen.storyboard in Resources */ = {isa = PBXBuildFile; fileRef = 88DF69411DBF905F00FE11F0 /* LaunchScreen.storyboard */; };
		D4870CA3575749B536F4A82C /* Pods_TransitApp.framework in Frameworks */ = {isa = PBXBuildFile; fileRef = B312C91F47FAEE6F94B9DD82 /* Pods_TransitApp.framework */; };
/* End PBXBuildFile section */

/* Begin PBXContainerItemProxy section */
		88DF694A1DBF905F00FE11F0 /* PBXContainerItemProxy */ = {
			isa = PBXContainerItemProxy;
			containerPortal = 88DF692D1DBF905F00FE11F0 /* Project object */;
			proxyType = 1;
			remoteGlobalIDString = 88DF69341DBF905F00FE11F0;
			remoteInfo = TransitApp;
		};
/* End PBXContainerItemProxy section */

/* Begin PBXFileReference section */
		48CE241E6B51E73CF5AF8672 /* Pods-TransitAppTests.release.xcconfig */ = {isa = PBXFileReference; includeInIndex = 1; lastKnownFileType = text.xcconfig; name = "Pods-TransitAppTests.release.xcconfig"; path = "Pods/Target Support Files/Pods-TransitAppTests/Pods-TransitAppTests.release.xcconfig"; sourceTree = "<group>"; };
		7699D0244E47BFD344B758C0 /* Pods_TransitAppTests.framework */ = {isa = PBXFileReference; explicitFileType = wrapper.framework; includeInIndex = 0; path = Pods_TransitAppTests.framework; sourceTree = BUILT_PRODUCTS_DIR; };
		880A05731E0FEEE600CFAFF4 /* AppCoordinator.swift */ = {isa = PBXFileReference; fileEncoding = 4; lastKnownFileType = sourcecode.swift; path = AppCoordinator.swift; sourceTree = "<group>"; };
		880A05771E0FF21D00CFAFF4 /* GeneralFeaturesSpec.swift */ = {isa = PBXFileReference; fileEncoding = 4; lastKnownFileType = sourcecode.swift; path = GeneralFeaturesSpec.swift; sourceTree = "<group>"; };
		880A057A1E100EB600CFAFF4 /* SpecJSONFetcher.swift */ = {isa = PBXFileReference; fileEncoding = 4; lastKnownFileType = sourcecode.swift; path = SpecJSONFetcher.swift; sourceTree = "<group>"; };
		880A057C1E100F1100CFAFF4 /* SpecFetchTimer.swift */ = {isa = PBXFileReference; fileEncoding = 4; lastKnownFileType = sourcecode.swift; path = SpecFetchTimer.swift; sourceTree = "<group>"; };
		880A057E1E100FB300CFAFF4 /* SpecScooterRealmNotifier.swift */ = {isa = PBXFileReference; fileEncoding = 4; lastKnownFileType = sourcecode.swift; path = SpecScooterRealmNotifier.swift; sourceTree = "<group>"; };
		880A05801E10330A00CFAFF4 /* SpecMapView.swift */ = {isa = PBXFileReference; fileEncoding = 4; lastKnownFileType = sourcecode.swift; path = SpecMapView.swift; sourceTree = "<group>"; };
		880A05821E10353700CFAFF4 /* MapViewControllerFactory.swift */ = {isa = PBXFileReference; fileEncoding = 4; lastKnownFileType = sourcecode.swift; path = MapViewControllerFactory.swift; sourceTree = "<group>"; };
		880A05841E103ABE00CFAFF4 /* MapViewModel.swift */ = {isa = PBXFileReference; fileEncoding = 4; lastKnownFileType = sourcecode.swift; path = MapViewModel.swift; sourceTree = "<group>"; };
		880A05871E112B5500CFAFF4 /* ScooterJSON.swift */ = {isa = PBXFileReference; fileEncoding = 4; lastKnownFileType = sourcecode.swift; path = ScooterJSON.swift; sourceTree = "<group>"; };
		880A05891E1134EF00CFAFF4 /* SpecScooterUpdater.swift */ = {isa = PBXFileReference; fileEncoding = 4; lastKnownFileType = sourcecode.swift; path = SpecScooterUpdater.swift; sourceTree = "<group>"; };
		880EB0601DC334F500C5830E /* TransitAppSpec.swift */ = {isa = PBXFileReference; fileEncoding = 4; lastKnownFileType = sourcecode.swift; path = TransitAppSpec.swift; sourceTree = "<group>"; };
		880EB0631DC338EF00C5830E /* MainCoordinator.swift */ = {isa = PBXFileReference; fileEncoding = 4; lastKnownFileType = sourcecode.swift; path = MainCoordinator.swift; sourceTree = "<group>"; };
		880EB0661DC360C900C5830E /* MapAnnotationProviderSpec.swift */ = {isa = PBXFileReference; fileEncoding = 4; lastKnownFileType = sourcecode.swift; path = MapAnnotationProviderSpec.swift; sourceTree = "<group>"; };
		880EB06B1DC363D700C5830E /* CLLocationCoordinate2D.swift */ = {isa = PBXFileReference; fileEncoding = 4; lastKnownFileType = sourcecode.swift; path = CLLocationCoordinate2D.swift; sourceTree = "<group>"; };
		880EB06E1DC36E1A00C5830E /* MapRegionProvider.swift */ = {isa = PBXFileReference; fileEncoding = 4; lastKnownFileType = sourcecode.swift; path = MapRegionProvider.swift; sourceTree = "<group>"; };
		880EB0701DC3736F00C5830E /* MapViewDelegate.swift */ = {isa = PBXFileReference; fileEncoding = 4; lastKnownFileType = sourcecode.swift; path = MapViewDelegate.swift; sourceTree = "<group>"; };
		880EB0741DC37E6A00C5830E /* CoupBusinessAreasData.json */ = {isa = PBXFileReference; fileEncoding = 4; lastKnownFileType = text.json; path = CoupBusinessAreasData.json; sourceTree = "<group>"; };
		880EB07C1DC3975400C5830E /* Scooter.swift */ = {isa = PBXFileReference; fileEncoding = 4; lastKnownFileType = sourcecode.swift; path = Scooter.swift; sourceTree = "<group>"; };
		880EB0821DC3986400C5830E /* TestScooterJSON.json */ = {isa = PBXFileReference; fileEncoding = 4; lastKnownFileType = text.json; path = TestScooterJSON.json; sourceTree = "<group>"; };
		880EB0861DC398FC00C5830E /* ScooterParserSpec.swift */ = {isa = PBXFileReference; fileEncoding = 4; lastKnownFileType = sourcecode.swift; path = ScooterParserSpec.swift; sourceTree = "<group>"; };
		880EB08B1DC3994E00C5830E /* ScooterParser.swift */ = {isa = PBXFileReference; fileEncoding = 4; lastKnownFileType = sourcecode.swift; path = ScooterParser.swift; sourceTree = "<group>"; };
		880EB0901DC39FCB00C5830E /* SeedDataParser.swift */ = {isa = PBXFileReference; fileEncoding = 4; lastKnownFileType = sourcecode.swift; path = SeedDataParser.swift; sourceTree = "<group>"; };
		880EB0921DC3A20200C5830E /* MapAnnotationProvider.swift */ = {isa = PBXFileReference; fileEncoding = 4; lastKnownFileType = sourcecode.swift; path = MapAnnotationProvider.swift; sourceTree = "<group>"; };
		8827E12F1DC0BB5E00E06654 /* TestRandomJSON.json */ = {isa = PBXFileReference; fileEncoding = 4; lastKnownFileType = text.json; name = TestRandomJSON.json; path = TransitAppTests/TestRandomJSON.json; sourceTree = SOURCE_ROOT; };
		8827E1321DC0BC9900E06654 /* TransitAppTests-Bridging-Header.h */ = {isa = PBXFileReference; lastKnownFileType = sourcecode.c.h; path = "TransitAppTests-Bridging-Header.h"; sourceTree = "<group>"; };
		8827E1331DC0BC9900E06654 /* JSONParserSpec.swift */ = {isa = PBXFileReference; fileEncoding = 4; lastKnownFileType = sourcecode.swift; path = JSONParserSpec.swift; sourceTree = "<group>"; };
		8827E1351DC0BD4300E06654 /* JSONParser.swift */ = {isa = PBXFileReference; fileEncoding = 4; lastKnownFileType = sourcecode.swift; path = JSONParser.swift; sourceTree = "<group>"; };
		8827E14E1DC0FD1500E06654 /* main.swift */ = {isa = PBXFileReference; fileEncoding = 4; lastKnownFileType = sourcecode.swift; path = main.swift; sourceTree = "<group>"; };
		8827E15D1DC2507100E06654 /* SeedDataParserSpec.swift */ = {isa = PBXFileReference; fileEncoding = 4; lastKnownFileType = sourcecode.swift; path = SeedDataParserSpec.swift; sourceTree = "<group>"; };
		883D8FC81DCE07C5006B6B92 /* ScooterRealmNotifier.swift */ = {isa = PBXFileReference; fileEncoding = 4; lastKnownFileType = sourcecode.swift; path = ScooterRealmNotifier.swift; sourceTree = "<group>"; };
		887DBED31DC62A8500D92E19 /* UIColor.swift */ = {isa = PBXFileReference; fileEncoding = 4; lastKnownFileType = sourcecode.swift; path = UIColor.swift; sourceTree = "<group>"; };
		887DBEDB1DC75AD300D92E19 /* MapCoordinator.swift */ = {isa = PBXFileReference; fileEncoding = 4; lastKnownFileType = sourcecode.swift; path = MapCoordinator.swift; sourceTree = "<group>"; };
		887DBEDD1DC75B3E00D92E19 /* MapViewController.swift */ = {isa = PBXFileReference; fileEncoding = 4; lastKnownFileType = sourcecode.swift; path = MapViewController.swift; sourceTree = "<group>"; };
		887DBEDF1DC75CED00D92E19 /* MapViewController.storyboard */ = {isa = PBXFileReference; fileEncoding = 4; lastKnownFileType = file.storyboard; path = MapViewController.storyboard; sourceTree = "<group>"; };
		887DBEE81DC8A24B00D92E19 /* MapAnnotationDataSource.swift */ = {isa = PBXFileReference; fileEncoding = 4; lastKnownFileType = sourcecode.swift; path = MapAnnotationDataSource.swift; sourceTree = "<group>"; };
		887DBEEA1DC8B11D00D92E19 /* CoupMapAnnotationSpec.swift */ = {isa = PBXFileReference; fileEncoding = 4; lastKnownFileType = sourcecode.swift; path = CoupMapAnnotationSpec.swift; sourceTree = "<group>"; };
		887DBEEC1DC8B82D00D92E19 /* JSONFetcher.swift */ = {isa = PBXFileReference; fileEncoding = 4; lastKnownFileType = sourcecode.swift; path = JSONFetcher.swift; sourceTree = "<group>"; };
		887DBEF11DC8C31A00D92E19 /* FetchTimer.swift */ = {isa = PBXFileReference; fileEncoding = 4; lastKnownFileType = sourcecode.swift; path = FetchTimer.swift; sourceTree = "<group>"; };
		887DBEF41DC8CDC700D92E19 /* ScooterFetcher.swift */ = {isa = PBXFileReference; fileEncoding = 4; lastKnownFileType = sourcecode.swift; path = ScooterFetcher.swift; sourceTree = "<group>"; };
		887DBEF61DC8CDE200D92E19 /* ScooterFetcherSpec.swift */ = {isa = PBXFileReference; fileEncoding = 4; lastKnownFileType = sourcecode.swift; path = ScooterFetcherSpec.swift; sourceTree = "<group>"; };
		887DBEF81DC8D9BA00D92E19 /* ScooterUpdater.swift */ = {isa = PBXFileReference; fileEncoding = 4; lastKnownFileType = sourcecode.swift; path = ScooterUpdater.swift; sourceTree = "<group>"; };
		887DBEFA1DC8DF6700D92E19 /* ScooterUpdaterSpec.swift */ = {isa = PBXFileReference; fileEncoding = 4; lastKnownFileType = sourcecode.swift; path = ScooterUpdaterSpec.swift; sourceTree = "<group>"; };
		887DBEFC1DCA174400D92E19 /* MapRegionProviderSpec.swift */ = {isa = PBXFileReference; fileEncoding = 4; lastKnownFileType = sourcecode.swift; path = MapRegionProviderSpec.swift; sourceTree = "<group>"; };
		8884CE271DC52F63004365B3 /* CoupMapAnnotation.swift */ = {isa = PBXFileReference; fileEncoding = 4; lastKnownFileType = sourcecode.swift; path = CoupMapAnnotation.swift; sourceTree = "<group>"; };
		8884CE291DC53316004365B3 /* MapViewDelegateSpec.swift */ = {isa = PBXFileReference; fileEncoding = 4; lastKnownFileType = sourcecode.swift; path = MapViewDelegateSpec.swift; sourceTree = "<group>"; };
		8884CE2D1DC5386E004365B3 /* CoupMapAnnotationViewCreator.swift */ = {isa = PBXFileReference; fileEncoding = 4; lastKnownFileType = sourcecode.swift; path = CoupMapAnnotationViewCreator.swift; sourceTree = "<group>"; };
		8884CE2F1DC5EF52004365B3 /* CoupMapAnnotationView.swift */ = {isa = PBXFileReference; fileEncoding = 4; lastKnownFileType = sourcecode.swift; path = CoupMapAnnotationView.swift; sourceTree = "<group>"; };
		8884CE331DC60AD8004365B3 /* BusinessAreaParserSpec.swift */ = {isa = PBXFileReference; fileEncoding = 4; lastKnownFileType = sourcecode.swift; path = BusinessAreaParserSpec.swift; sourceTree = "<group>"; };
		8884CE351DC60B2C004365B3 /* BusinessAreaParser.swift */ = {isa = PBXFileReference; fileEncoding = 4; lastKnownFileType = sourcecode.swift; path = BusinessAreaParser.swift; sourceTree = "<group>"; };
		8884CE371DC60B98004365B3 /* TestBusinessAreaJSON.json */ = {isa = PBXFileReference; fileEncoding = 4; lastKnownFileType = text.json; path = TestBusinessAreaJSON.json; sourceTree = "<group>"; };
		8884CE391DC60CC7004365B3 /* BusinessArea.swift */ = {isa = PBXFileReference; fileEncoding = 4; lastKnownFileType = sourcecode.swift; path = BusinessArea.swift; sourceTree = "<group>"; };
		8884CE3B1DC60FCC004365B3 /* BusinessAreaCoordinate.swift */ = {isa = PBXFileReference; fileEncoding = 4; lastKnownFileType = sourcecode.swift; path = BusinessAreaCoordinate.swift; sourceTree = "<group>"; };
		8884CE3E1DC61038004365B3 /* BusinessAreaCoordinateParser.swift */ = {isa = PBXFileReference; fileEncoding = 4; lastKnownFileType = sourcecode.swift; path = BusinessAreaCoordinateParser.swift; sourceTree = "<group>"; };
		8884CE411DC6160A004365B3 /* MapOverlayProviderSpec.swift */ = {isa = PBXFileReference; fileEncoding = 4; lastKnownFileType = sourcecode.swift; path = MapOverlayProviderSpec.swift; sourceTree = "<group>"; };
		8884CE431DC6167A004365B3 /* MapOverlayProvider.swift */ = {isa = PBXFileReference; fileEncoding = 4; lastKnownFileType = sourcecode.swift; path = MapOverlayProvider.swift; sourceTree = "<group>"; };
		8884CE461DC619C5004365B3 /* MapOverlayCreator.swift */ = {isa = PBXFileReference; fileEncoding = 4; lastKnownFileType = sourcecode.swift; path = MapOverlayCreator.swift; sourceTree = "<group>"; };
		889705AE1DCC9F2C00D8D8DF /* CurrentLocationProviderSpec.swift */ = {isa = PBXFileReference; fileEncoding = 4; lastKnownFileType = sourcecode.swift; path = CurrentLocationProviderSpec.swift; sourceTree = "<group>"; };
		889705B01DCC9F7300D8D8DF /* CurrentLocationProvider.swift */ = {isa = PBXFileReference; fileEncoding = 4; lastKnownFileType = sourcecode.swift; path = CurrentLocationProvider.swift; sourceTree = "<group>"; };
		88A303021DD082310054A1CE /* Equatable.swift */ = {isa = PBXFileReference; fileEncoding = 4; lastKnownFileType = sourcecode.swift; path = Equatable.swift; sourceTree = "<group>"; };
		88DD9EDB1DD474D4001BD5BE /* FakeLocationManager.framework */ = {isa = PBXFileReference; lastKnownFileType = wrapper.framework; name = FakeLocationManager.framework; path = "FakeLocationManager/build/Debug-iphoneos/FakeLocationManager.framework"; sourceTree = "<group>"; };
		88DF69351DBF905F00FE11F0 /* TransitApp.app */ = {isa = PBXFileReference; explicitFileType = wrapper.application; includeInIndex = 0; path = TransitApp.app; sourceTree = BUILT_PRODUCTS_DIR; };
		88DF69381DBF905F00FE11F0 /* AppDelegate.swift */ = {isa = PBXFileReference; lastKnownFileType = sourcecode.swift; path = AppDelegate.swift; sourceTree = "<group>"; };
		88DF693F1DBF905F00FE11F0 /* Assets.xcassets */ = {isa = PBXFileReference; lastKnownFileType = folder.assetcatalog; path = Assets.xcassets; sourceTree = "<group>"; };
		88DF69421DBF905F00FE11F0 /* Base */ = {isa = PBXFileReference; lastKnownFileType = file.storyboard; name = Base; path = Base.lproj/LaunchScreen.storyboard; sourceTree = "<group>"; };
		88DF69441DBF905F00FE11F0 /* Info.plist */ = {isa = PBXFileReference; lastKnownFileType = text.plist.xml; path = Info.plist; sourceTree = "<group>"; };
		88DF69491DBF905F00FE11F0 /* TransitAppTests.xctest */ = {isa = PBXFileReference; explicitFileType = wrapper.cfbundle; includeInIndex = 0; path = TransitAppTests.xctest; sourceTree = BUILT_PRODUCTS_DIR; };
		88DF694F1DBF905F00FE11F0 /* Info.plist */ = {isa = PBXFileReference; lastKnownFileType = text.plist.xml; path = Info.plist; sourceTree = "<group>"; };
		8D3FC6667524E339371C7C02 /* Pods-TransitApp.release.xcconfig */ = {isa = PBXFileReference; includeInIndex = 1; lastKnownFileType = text.xcconfig; name = "Pods-TransitApp.release.xcconfig"; path = "Pods/Target Support Files/Pods-TransitApp/Pods-TransitApp.release.xcconfig"; sourceTree = "<group>"; };
		9AEB5ED9C6ABF2CA676D9BE4 /* Pods-TransitApp.debug.xcconfig */ = {isa = PBXFileReference; includeInIndex = 1; lastKnownFileType = text.xcconfig; name = "Pods-TransitApp.debug.xcconfig"; path = "Pods/Target Support Files/Pods-TransitApp/Pods-TransitApp.debug.xcconfig"; sourceTree = "<group>"; };
		B312C91F47FAEE6F94B9DD82 /* Pods_TransitApp.framework */ = {isa = PBXFileReference; explicitFileType = wrapper.framework; includeInIndex = 0; path = Pods_TransitApp.framework; sourceTree = BUILT_PRODUCTS_DIR; };
		D906B18321400739B4B477B5 /* Pods-TransitAppTests.debug.xcconfig */ = {isa = PBXFileReference; includeInIndex = 1; lastKnownFileType = text.xcconfig; name = "Pods-TransitAppTests.debug.xcconfig"; path = "Pods/Target Support Files/Pods-TransitAppTests/Pods-TransitAppTests.debug.xcconfig"; sourceTree = "<group>"; };
/* End PBXFileReference section */

/* Begin PBXFrameworksBuildPhase section */
		88DF69321DBF905F00FE11F0 /* Frameworks */ = {
			isa = PBXFrameworksBuildPhase;
			buildActionMask = 2147483647;
			files = (
				88DD9EDC1DD474D4001BD5BE /* FakeLocationManager.framework in Frameworks */,
				D4870CA3575749B536F4A82C /* Pods_TransitApp.framework in Frameworks */,
			);
			runOnlyForDeploymentPostprocessing = 0;
		};
		88DF69461DBF905F00FE11F0 /* Frameworks */ = {
			isa = PBXFrameworksBuildPhase;
			buildActionMask = 2147483647;
			files = (
				196FC76CBC4475AFBD08C51A /* Pods_TransitAppTests.framework in Frameworks */,
			);
			runOnlyForDeploymentPostprocessing = 0;
		};
/* End PBXFrameworksBuildPhase section */

/* Begin PBXGroup section */
		33CCF6FA65642664F1753EC1 /* Frameworks */ = {
			isa = PBXGroup;
			children = (
				88DD9EDB1DD474D4001BD5BE /* FakeLocationManager.framework */,
				B312C91F47FAEE6F94B9DD82 /* Pods_TransitApp.framework */,
				7699D0244E47BFD344B758C0 /* Pods_TransitAppTests.framework */,
			);
			name = Frameworks;
			sourceTree = "<group>";
		};
		880A05751E0FF1D000CFAFF4 /* Unit */ = {
			isa = PBXGroup;
			children = (
				880EB0661DC360C900C5830E /* MapAnnotationProviderSpec.swift */,
				887DBEF61DC8CDE200D92E19 /* ScooterFetcherSpec.swift */,
				887DBEFA1DC8DF6700D92E19 /* ScooterUpdaterSpec.swift */,
				887DBEEA1DC8B11D00D92E19 /* CoupMapAnnotationSpec.swift */,
				8884CE411DC6160A004365B3 /* MapOverlayProviderSpec.swift */,
				8884CE291DC53316004365B3 /* MapViewDelegateSpec.swift */,
				887DBEFC1DCA174400D92E19 /* MapRegionProviderSpec.swift */,
				889705AE1DCC9F2C00D8D8DF /* CurrentLocationProviderSpec.swift */,
				880EB0651DC3607D00C5830E /* JSONParsing */,
			);
			name = Unit;
			sourceTree = "<group>";
		};
		880A05761E0FF1DA00CFAFF4 /* Integration */ = {
			isa = PBXGroup;
			children = (
				880A05771E0FF21D00CFAFF4 /* GeneralFeaturesSpec.swift */,
			);
			name = Integration;
			sourceTree = "<group>";
		};
		880A05791E100EA200CFAFF4 /* Fakes */ = {
			isa = PBXGroup;
			children = (
				880A057A1E100EB600CFAFF4 /* SpecJSONFetcher.swift */,
				880A057C1E100F1100CFAFF4 /* SpecFetchTimer.swift */,
				880A057E1E100FB300CFAFF4 /* SpecScooterRealmNotifier.swift */,
				880A05801E10330A00CFAFF4 /* SpecMapView.swift */,
			);
			name = Fakes;
			sourceTree = "<group>";
		};
		880A05861E112B1600CFAFF4 /* Utilities */ = {
			isa = PBXGroup;
			children = (
				880A05871E112B5500CFAFF4 /* ScooterJSON.swift */,
				880A05891E1134EF00CFAFF4 /* SpecScooterUpdater.swift */,
			);
			name = Utilities;
			sourceTree = "<group>";
		};
		880EB0621DC338BC00C5830E /* Main */ = {
			isa = PBXGroup;
			children = (
				8827E14E1DC0FD1500E06654 /* main.swift */,
				88DF69381DBF905F00FE11F0 /* AppDelegate.swift */,
				880A05731E0FEEE600CFAFF4 /* AppCoordinator.swift */,
				880EB0631DC338EF00C5830E /* MainCoordinator.swift */,
			);
			name = Main;
			sourceTree = "<group>";
		};
		880EB0651DC3607D00C5830E /* JSONParsing */ = {
			isa = PBXGroup;
			children = (
				8827E15D1DC2507100E06654 /* SeedDataParserSpec.swift */,
				8827E1331DC0BC9900E06654 /* JSONParserSpec.swift */,
				880EB0851DC398E900C5830E /* Coup */,
				8827E12E1DC0BB1900E06654 /* Assets */,
			);
			name = JSONParsing;
			sourceTree = "<group>";
		};
		880EB0681DC3611E00C5830E /* MapAnnotations */ = {
			isa = PBXGroup;
			children = (
				880EB0921DC3A20200C5830E /* MapAnnotationProvider.swift */,
				887DBEE81DC8A24B00D92E19 /* MapAnnotationDataSource.swift */,
				883D8FC81DCE07C5006B6B92 /* ScooterRealmNotifier.swift */,
				8884CE271DC52F63004365B3 /* CoupMapAnnotation.swift */,
			);
			name = MapAnnotations;
			sourceTree = "<group>";
		};
		880EB0811DC3982900C5830E /* Coup */ = {
			isa = PBXGroup;
			children = (
				880EB0821DC3986400C5830E /* TestScooterJSON.json */,
				8884CE371DC60B98004365B3 /* TestBusinessAreaJSON.json */,
			);
			name = Coup;
			sourceTree = "<group>";
		};
		880EB0851DC398E900C5830E /* Coup */ = {
			isa = PBXGroup;
			children = (
				880EB0861DC398FC00C5830E /* ScooterParserSpec.swift */,
				8884CE331DC60AD8004365B3 /* BusinessAreaParserSpec.swift */,
			);
			name = Coup;
			sourceTree = "<group>";
		};
		880EB08A1DC3994200C5830E /* Coup */ = {
			isa = PBXGroup;
			children = (
				880EB08B1DC3994E00C5830E /* ScooterParser.swift */,
				8884CE401DC6103E004365B3 /* BusinessAreaParsing */,
			);
			name = Coup;
			sourceTree = "<group>";
		};
		8827E12B1DC0B77F00E06654 /* SeedData */ = {
			isa = PBXGroup;
			children = (
				880EB0741DC37E6A00C5830E /* CoupBusinessAreasData.json */,
			);
			name = SeedData;
			sourceTree = "<group>";
		};
		8827E12E1DC0BB1900E06654 /* Assets */ = {
			isa = PBXGroup;
			children = (
				8827E12F1DC0BB5E00E06654 /* TestRandomJSON.json */,
				880EB0811DC3982900C5830E /* Coup */,
			);
			name = Assets;
			sourceTree = "<group>";
		};
		8827E13A1DC0CBDA00E06654 /* JSONParsing */ = {
			isa = PBXGroup;
			children = (
				880EB0901DC39FCB00C5830E /* SeedDataParser.swift */,
				8827E1351DC0BD4300E06654 /* JSONParser.swift */,
				880EB08A1DC3994200C5830E /* Coup */,
			);
			name = JSONParsing;
			sourceTree = "<group>";
		};
		8827E13D1DC0CC1E00E06654 /* Models */ = {
			isa = PBXGroup;
			children = (
				880EB07C1DC3975400C5830E /* Scooter.swift */,
				8884CE391DC60CC7004365B3 /* BusinessArea.swift */,
				8884CE3B1DC60FCC004365B3 /* BusinessAreaCoordinate.swift */,
			);
			name = Models;
			sourceTree = "<group>";
		};
		8827E1421DC0D64400E06654 /* Extensions */ = {
			isa = PBXGroup;
			children = (
				880EB06B1DC363D700C5830E /* CLLocationCoordinate2D.swift */,
				887DBED31DC62A8500D92E19 /* UIColor.swift */,
				88A303021DD082310054A1CE /* Equatable.swift */,
			);
			name = Extensions;
			sourceTree = "<group>";
		};
		887DBEDA1DC75AA500D92E19 /* MapViewController */ = {
			isa = PBXGroup;
			children = (
				887DBEDB1DC75AD300D92E19 /* MapCoordinator.swift */,
				880A05821E10353700CFAFF4 /* MapViewControllerFactory.swift */,
				880A05841E103ABE00CFAFF4 /* MapViewModel.swift */,
				887DBEDD1DC75B3E00D92E19 /* MapViewController.swift */,
				880EB0701DC3736F00C5830E /* MapViewDelegate.swift */,
				887DBEDF1DC75CED00D92E19 /* MapViewController.storyboard */,
			);
			name = MapViewController;
			sourceTree = "<group>";
		};
		887DBEEE1DC8B83700D92E19 /* JSONFetching */ = {
			isa = PBXGroup;
			children = (
				887DBEF41DC8CDC700D92E19 /* ScooterFetcher.swift */,
				887DBEEC1DC8B82D00D92E19 /* JSONFetcher.swift */,
				887DBEF11DC8C31A00D92E19 /* FetchTimer.swift */,
			);
			name = JSONFetching;
			sourceTree = "<group>";
		};
		8884CE2B1DC53817004365B3 /* MapAnnotationViews */ = {
			isa = PBXGroup;
			children = (
				8884CE2D1DC5386E004365B3 /* CoupMapAnnotationViewCreator.swift */,
				8884CE2F1DC5EF52004365B3 /* CoupMapAnnotationView.swift */,
			);
			name = MapAnnotationViews;
			sourceTree = "<group>";
		};
		8884CE401DC6103E004365B3 /* BusinessAreaParsing */ = {
			isa = PBXGroup;
			children = (
				8884CE351DC60B2C004365B3 /* BusinessAreaParser.swift */,
				8884CE3E1DC61038004365B3 /* BusinessAreaCoordinateParser.swift */,
			);
			name = BusinessAreaParsing;
			sourceTree = "<group>";
		};
		8884CE451DC619B6004365B3 /* MapOverlays */ = {
			isa = PBXGroup;
			children = (
				8884CE431DC6167A004365B3 /* MapOverlayProvider.swift */,
				8884CE461DC619C5004365B3 /* MapOverlayCreator.swift */,
			);
			name = MapOverlays;
			sourceTree = "<group>";
		};
		88DF692C1DBF905F00FE11F0 = {
			isa = PBXGroup;
			children = (
				88DF69371DBF905F00FE11F0 /* Source */,
				88DF694C1DBF905F00FE11F0 /* Tests */,
				88DF69361DBF905F00FE11F0 /* Products */,
				D4C936C2E72A8F166808E7C1 /* Pods */,
				33CCF6FA65642664F1753EC1 /* Frameworks */,
			);
			sourceTree = "<group>";
		};
		88DF69361DBF905F00FE11F0 /* Products */ = {
			isa = PBXGroup;
			children = (
				88DF69351DBF905F00FE11F0 /* TransitApp.app */,
				88DF69491DBF905F00FE11F0 /* TransitAppTests.xctest */,
			);
			name = Products;
			sourceTree = "<group>";
		};
		88DF69371DBF905F00FE11F0 /* Source */ = {
			isa = PBXGroup;
			children = (
				880EB0621DC338BC00C5830E /* Main */,
				880EB06E1DC36E1A00C5830E /* MapRegionProvider.swift */,
				887DBEF81DC8D9BA00D92E19 /* ScooterUpdater.swift */,
				889705B01DCC9F7300D8D8DF /* CurrentLocationProvider.swift */,
				8884CE451DC619B6004365B3 /* MapOverlays */,
				880EB0681DC3611E00C5830E /* MapAnnotations */,
				8884CE2B1DC53817004365B3 /* MapAnnotationViews */,
				8827E13D1DC0CC1E00E06654 /* Models */,
				887DBEDA1DC75AA500D92E19 /* MapViewController */,
				887DBEEE1DC8B83700D92E19 /* JSONFetching */,
				8827E13A1DC0CBDA00E06654 /* JSONParsing */,
				8827E12B1DC0B77F00E06654 /* SeedData */,
				8827E1421DC0D64400E06654 /* Extensions */,
				88DF693F1DBF905F00FE11F0 /* Assets.xcassets */,
				88DF69411DBF905F00FE11F0 /* LaunchScreen.storyboard */,
				88DF69441DBF905F00FE11F0 /* Info.plist */,
			);
			name = Source;
			path = TransitApp;
			sourceTree = "<group>";
		};
		88DF694C1DBF905F00FE11F0 /* Tests */ = {
			isa = PBXGroup;
			children = (
				880A05761E0FF1DA00CFAFF4 /* Integration */,
				880A05751E0FF1D000CFAFF4 /* Unit */,
				880A05791E100EA200CFAFF4 /* Fakes */,
				880A05861E112B1600CFAFF4 /* Utilities */,
				880EB0601DC334F500C5830E /* TransitAppSpec.swift */,
				8827E1321DC0BC9900E06654 /* TransitAppTests-Bridging-Header.h */,
				88DF694F1DBF905F00FE11F0 /* Info.plist */,
			);
			name = Tests;
			path = TransitAppTests;
			sourceTree = "<group>";
		};
		D4C936C2E72A8F166808E7C1 /* Pods */ = {
			isa = PBXGroup;
			children = (
				D906B18321400739B4B477B5 /* Pods-TransitAppTests.debug.xcconfig */,
				48CE241E6B51E73CF5AF8672 /* Pods-TransitAppTests.release.xcconfig */,
				9AEB5ED9C6ABF2CA676D9BE4 /* Pods-TransitApp.debug.xcconfig */,
				8D3FC6667524E339371C7C02 /* Pods-TransitApp.release.xcconfig */,
			);
			name = Pods;
			sourceTree = "<group>";
		};
/* End PBXGroup section */

/* Begin PBXNativeTarget section */
		88DF69341DBF905F00FE11F0 /* TransitApp */ = {
			isa = PBXNativeTarget;
			buildConfigurationList = 88DF69521DBF905F00FE11F0 /* Build configuration list for PBXNativeTarget "TransitApp" */;
			buildPhases = (
				3D500CE4C8DAABF6286DCB7B /* [CP] Check Pods Manifest.lock */,
				88DF69311DBF905F00FE11F0 /* Sources */,
				88DF69321DBF905F00FE11F0 /* Frameworks */,
				88DF69331DBF905F00FE11F0 /* Resources */,
				BA07D756A656A5ADA841EEC8 /* [CP] Embed Pods Frameworks */,
				273913AA01CA221A9ACDEC74 /* [CP] Copy Pods Resources */,
			);
			buildRules = (
			);
			dependencies = (
			);
			name = TransitApp;
			productName = TransitApp;
			productReference = 88DF69351DBF905F00FE11F0 /* TransitApp.app */;
			productType = "com.apple.product-type.application";
		};
		88DF69481DBF905F00FE11F0 /* TransitAppTests */ = {
			isa = PBXNativeTarget;
			buildConfigurationList = 88DF69551DBF905F00FE11F0 /* Build configuration list for PBXNativeTarget "TransitAppTests" */;
			buildPhases = (
				E1F7BA6813473B2DACE77821 /* [CP] Check Pods Manifest.lock */,
				88DF69451DBF905F00FE11F0 /* Sources */,
				88DF69461DBF905F00FE11F0 /* Frameworks */,
				88DF69471DBF905F00FE11F0 /* Resources */,
				B98D189D29BF2E96A53EC6DF /* [CP] Embed Pods Frameworks */,
				96577C516299A5CB5B354772 /* [CP] Copy Pods Resources */,
			);
			buildRules = (
			);
			dependencies = (
				88DF694B1DBF905F00FE11F0 /* PBXTargetDependency */,
			);
			name = TransitAppTests;
			productName = TransitAppTests;
			productReference = 88DF69491DBF905F00FE11F0 /* TransitAppTests.xctest */;
			productType = "com.apple.product-type.bundle.unit-test";
		};
/* End PBXNativeTarget section */

/* Begin PBXProject section */
		88DF692D1DBF905F00FE11F0 /* Project object */ = {
			isa = PBXProject;
			attributes = {
				LastSwiftUpdateCheck = 0800;
				LastUpgradeCheck = 0800;
				ORGANIZATIONNAME = solidcell;
				TargetAttributes = {
					88DF69341DBF905F00FE11F0 = {
						CreatedOnToolsVersion = 8.0;
						DevelopmentTeam = 3V4RS4ALV7;
						ProvisioningStyle = Automatic;
					};
					88DF69481DBF905F00FE11F0 = {
						CreatedOnToolsVersion = 8.0;
						LastSwiftMigration = 0800;
						ProvisioningStyle = Automatic;
						TestTargetID = 88DF69341DBF905F00FE11F0;
					};
				};
			};
			buildConfigurationList = 88DF69301DBF905F00FE11F0 /* Build configuration list for PBXProject "TransitApp" */;
			compatibilityVersion = "Xcode 3.2";
			developmentRegion = English;
			hasScannedForEncodings = 0;
			knownRegions = (
				en,
				Base,
			);
			mainGroup = 88DF692C1DBF905F00FE11F0;
			productRefGroup = 88DF69361DBF905F00FE11F0 /* Products */;
			projectDirPath = "";
			projectRoot = "";
			targets = (
				88DF69341DBF905F00FE11F0 /* TransitApp */,
				88DF69481DBF905F00FE11F0 /* TransitAppTests */,
			);
		};
/* End PBXProject section */

/* Begin PBXResourcesBuildPhase section */
		88DF69331DBF905F00FE11F0 /* Resources */ = {
			isa = PBXResourcesBuildPhase;
			buildActionMask = 2147483647;
			files = (
				8884CE381DC60B98004365B3 /* TestBusinessAreaJSON.json in Resources */,
				8827E1371DC0C33800E06654 /* TestRandomJSON.json in Resources */,
				88DF69431DBF905F00FE11F0 /* LaunchScreen.storyboard in Resources */,
				88DF69401DBF905F00FE11F0 /* Assets.xcassets in Resources */,
				880EB0751DC37E6A00C5830E /* CoupBusinessAreasData.json in Resources */,
				887DBEE01DC75CED00D92E19 /* MapViewController.storyboard in Resources */,
				880EB08D1DC399BC00C5830E /* TestScooterJSON.json in Resources */,
			);
			runOnlyForDeploymentPostprocessing = 0;
		};
		88DF69471DBF905F00FE11F0 /* Resources */ = {
			isa = PBXResourcesBuildPhase;
			buildActionMask = 2147483647;
			files = (
				8827E1301DC0BB5E00E06654 /* TestRandomJSON.json in Resources */,
			);
			runOnlyForDeploymentPostprocessing = 0;
		};
/* End PBXResourcesBuildPhase section */

/* Begin PBXShellScriptBuildPhase section */
		273913AA01CA221A9ACDEC74 /* [CP] Copy Pods Resources */ = {
			isa = PBXShellScriptBuildPhase;
			buildActionMask = 2147483647;
			files = (
			);
			inputPaths = (
			);
			name = "[CP] Copy Pods Resources";
			outputPaths = (
			);
			runOnlyForDeploymentPostprocessing = 0;
			shellPath = /bin/sh;
			shellScript = "\"${SRCROOT}/Pods/Target Support Files/Pods-TransitApp/Pods-TransitApp-resources.sh\"\n";
			showEnvVarsInLog = 0;
		};
		3D500CE4C8DAABF6286DCB7B /* [CP] Check Pods Manifest.lock */ = {
			isa = PBXShellScriptBuildPhase;
			buildActionMask = 2147483647;
			files = (
			);
			inputPaths = (
			);
			name = "[CP] Check Pods Manifest.lock";
			outputPaths = (
			);
			runOnlyForDeploymentPostprocessing = 0;
			shellPath = /bin/sh;
			shellScript = "diff \"${PODS_ROOT}/../Podfile.lock\" \"${PODS_ROOT}/Manifest.lock\" > /dev/null\nif [ $? != 0 ] ; then\n    # print error to STDERR\n    echo \"error: The sandbox is not in sync with the Podfile.lock. Run 'pod install' or update your CocoaPods installation.\" >&2\n    exit 1\nfi\n";
			showEnvVarsInLog = 0;
		};
		96577C516299A5CB5B354772 /* [CP] Copy Pods Resources */ = {
			isa = PBXShellScriptBuildPhase;
			buildActionMask = 2147483647;
			files = (
			);
			inputPaths = (
			);
			name = "[CP] Copy Pods Resources";
			outputPaths = (
			);
			runOnlyForDeploymentPostprocessing = 0;
			shellPath = /bin/sh;
			shellScript = "\"${SRCROOT}/Pods/Target Support Files/Pods-TransitAppTests/Pods-TransitAppTests-resources.sh\"\n";
			showEnvVarsInLog = 0;
		};
		B98D189D29BF2E96A53EC6DF /* [CP] Embed Pods Frameworks */ = {
			isa = PBXShellScriptBuildPhase;
			buildActionMask = 2147483647;
			files = (
			);
			inputPaths = (
			);
			name = "[CP] Embed Pods Frameworks";
			outputPaths = (
			);
			runOnlyForDeploymentPostprocessing = 0;
			shellPath = /bin/sh;
			shellScript = "\"${SRCROOT}/Pods/Target Support Files/Pods-TransitAppTests/Pods-TransitAppTests-frameworks.sh\"\n";
			showEnvVarsInLog = 0;
		};
		BA07D756A656A5ADA841EEC8 /* [CP] Embed Pods Frameworks */ = {
			isa = PBXShellScriptBuildPhase;
			buildActionMask = 2147483647;
			files = (
			);
			inputPaths = (
			);
			name = "[CP] Embed Pods Frameworks";
			outputPaths = (
			);
			runOnlyForDeploymentPostprocessing = 0;
			shellPath = /bin/sh;
			shellScript = "\"${SRCROOT}/Pods/Target Support Files/Pods-TransitApp/Pods-TransitApp-frameworks.sh\"\n";
			showEnvVarsInLog = 0;
		};
		E1F7BA6813473B2DACE77821 /* [CP] Check Pods Manifest.lock */ = {
			isa = PBXShellScriptBuildPhase;
			buildActionMask = 2147483647;
			files = (
			);
			inputPaths = (
			);
			name = "[CP] Check Pods Manifest.lock";
			outputPaths = (
			);
			runOnlyForDeploymentPostprocessing = 0;
			shellPath = /bin/sh;
			shellScript = "diff \"${PODS_ROOT}/../Podfile.lock\" \"${PODS_ROOT}/Manifest.lock\" > /dev/null\nif [ $? != 0 ] ; then\n    # print error to STDERR\n    echo \"error: The sandbox is not in sync with the Podfile.lock. Run 'pod install' or update your CocoaPods installation.\" >&2\n    exit 1\nfi\n";
			showEnvVarsInLog = 0;
		};
/* End PBXShellScriptBuildPhase section */

/* Begin PBXSourcesBuildPhase section */
		88DF69311DBF905F00FE11F0 /* Sources */ = {
			isa = PBXSourcesBuildPhase;
			buildActionMask = 2147483647;
			files = (
				880EB0641DC338EF00C5830E /* MainCoordinator.swift in Sources */,
				88A303031DD082310054A1CE /* Equatable.swift in Sources */,
				8884CE281DC52F63004365B3 /* CoupMapAnnotation.swift in Sources */,
				8884CE441DC6167A004365B3 /* MapOverlayProvider.swift in Sources */,
				880EB08C1DC3994E00C5830E /* ScooterParser.swift in Sources */,
				880EB0931DC3A20200C5830E /* MapAnnotationProvider.swift in Sources */,
				8884CE2E1DC5386E004365B3 /* CoupMapAnnotationViewCreator.swift in Sources */,
				887DBEDE1DC75B3E00D92E19 /* MapViewController.swift in Sources */,
				8884CE301DC5EF52004365B3 /* CoupMapAnnotationView.swift in Sources */,
				887DBEF91DC8D9BA00D92E19 /* ScooterUpdater.swift in Sources */,
				8884CE361DC60B2C004365B3 /* BusinessAreaParser.swift in Sources */,
				8884CE3C1DC60FCC004365B3 /* BusinessAreaCoordinate.swift in Sources */,
				8884CE3F1DC61038004365B3 /* BusinessAreaCoordinateParser.swift in Sources */,
				880A05851E103ABE00CFAFF4 /* MapViewModel.swift in Sources */,
				887DBEF21DC8C31A00D92E19 /* FetchTimer.swift in Sources */,
				880EB0711DC3736F00C5830E /* MapViewDelegate.swift in Sources */,
				887DBEE91DC8A24B00D92E19 /* MapAnnotationDataSource.swift in Sources */,
				8884CE471DC619C5004365B3 /* MapOverlayCreator.swift in Sources */,
				880EB0911DC39FCB00C5830E /* SeedDataParser.swift in Sources */,
				880EB07D1DC3975400C5830E /* Scooter.swift in Sources */,
				887DBED41DC62A8500D92E19 /* UIColor.swift in Sources */,
				880A05741E0FEEE600CFAFF4 /* AppCoordinator.swift in Sources */,
				887DBEDC1DC75AD300D92E19 /* MapCoordinator.swift in Sources */,
				8827E14F1DC0FD1500E06654 /* main.swift in Sources */,
				887DBEED1DC8B82D00D92E19 /* JSONFetcher.swift in Sources */,
				880EB06F1DC36E1A00C5830E /* MapRegionProvider.swift in Sources */,
				889705B11DCC9F7300D8D8DF /* CurrentLocationProvider.swift in Sources */,
				8827E1361DC0BD4300E06654 /* JSONParser.swift in Sources */,
				8884CE3A1DC60CC7004365B3 /* BusinessArea.swift in Sources */,
				880EB06C1DC363D700C5830E /* CLLocationCoordinate2D.swift in Sources */,
				88DF69391DBF905F00FE11F0 /* AppDelegate.swift in Sources */,
				887DBEF51DC8CDC700D92E19 /* ScooterFetcher.swift in Sources */,
				880A05831E10353700CFAFF4 /* MapViewControllerFactory.swift in Sources */,
				883D8FC91DCE07C5006B6B92 /* ScooterRealmNotifier.swift in Sources */,
			);
			runOnlyForDeploymentPostprocessing = 0;
		};
		88DF69451DBF905F00FE11F0 /* Sources */ = {
			isa = PBXSourcesBuildPhase;
			buildActionMask = 2147483647;
			files = (
				880A05811E10330A00CFAFF4 /* SpecMapView.swift in Sources */,
				8884CE421DC6160A004365B3 /* MapOverlayProviderSpec.swift in Sources */,
				8884CE341DC60AD8004365B3 /* BusinessAreaParserSpec.swift in Sources */,
				887DBEF71DC8CDE200D92E19 /* ScooterFetcherSpec.swift in Sources */,
				887DBEEB1DC8B11D00D92E19 /* CoupMapAnnotationSpec.swift in Sources */,
				880EB0871DC398FC00C5830E /* ScooterParserSpec.swift in Sources */,
				880A057D1E100F1100CFAFF4 /* SpecFetchTimer.swift in Sources */,
				8827E1341DC0BC9900E06654 /* JSONParserSpec.swift in Sources */,
				889705AF1DCC9F2C00D8D8DF /* CurrentLocationProviderSpec.swift in Sources */,
				887DBEFD1DCA174400D92E19 /* MapRegionProviderSpec.swift in Sources */,
				880EB0611DC334F500C5830E /* TransitAppSpec.swift in Sources */,
				880A05781E0FF21D00CFAFF4 /* GeneralFeaturesSpec.swift in Sources */,
				8827E15E1DC2507100E06654 /* SeedDataParserSpec.swift in Sources */,
				880A057B1E100EB600CFAFF4 /* SpecJSONFetcher.swift in Sources */,
				880A058A1E1134EF00CFAFF4 /* SpecScooterUpdater.swift in Sources */,
				880A05881E112B5500CFAFF4 /* ScooterJSON.swift in Sources */,
				8884CE2A1DC53316004365B3 /* MapViewDelegateSpec.swift in Sources */,
				887DBEFB1DC8DF6700D92E19 /* ScooterUpdaterSpec.swift in Sources */,
				880EB0671DC360C900C5830E /* MapAnnotationProviderSpec.swift in Sources */,
				880A057F1E100FB300CFAFF4 /* SpecScooterRealmNotifier.swift in Sources */,
			);
			runOnlyForDeploymentPostprocessing = 0;
		};
/* End PBXSourcesBuildPhase section */

/* Begin PBXTargetDependency section */
		88DF694B1DBF905F00FE11F0 /* PBXTargetDependency */ = {
			isa = PBXTargetDependency;
			target = 88DF69341DBF905F00FE11F0 /* TransitApp */;
			targetProxy = 88DF694A1DBF905F00FE11F0 /* PBXContainerItemProxy */;
		};
/* End PBXTargetDependency section */

/* Begin PBXVariantGroup section */
		88DF69411DBF905F00FE11F0 /* LaunchScreen.storyboard */ = {
			isa = PBXVariantGroup;
			children = (
				88DF69421DBF905F00FE11F0 /* Base */,
			);
			name = LaunchScreen.storyboard;
			sourceTree = "<group>";
		};
/* End PBXVariantGroup section */

/* Begin XCBuildConfiguration section */
		88DF69501DBF905F00FE11F0 /* Debug */ = {
			isa = XCBuildConfiguration;
			buildSettings = {
				ALWAYS_SEARCH_USER_PATHS = NO;
				CLANG_ANALYZER_NONNULL = YES;
				CLANG_CXX_LANGUAGE_STANDARD = "gnu++0x";
				CLANG_CXX_LIBRARY = "libc++";
				CLANG_ENABLE_MODULES = YES;
				CLANG_ENABLE_OBJC_ARC = YES;
				CLANG_WARN_BOOL_CONVERSION = YES;
				CLANG_WARN_CONSTANT_CONVERSION = YES;
				CLANG_WARN_DIRECT_OBJC_ISA_USAGE = YES_ERROR;
				CLANG_WARN_DOCUMENTATION_COMMENTS = YES;
				CLANG_WARN_EMPTY_BODY = YES;
				CLANG_WARN_ENUM_CONVERSION = YES;
				CLANG_WARN_INFINITE_RECURSION = YES;
				CLANG_WARN_INT_CONVERSION = YES;
				CLANG_WARN_OBJC_ROOT_CLASS = YES_ERROR;
				CLANG_WARN_SUSPICIOUS_MOVE = YES;
				CLANG_WARN_SUSPICIOUS_MOVES = YES;
				CLANG_WARN_UNREACHABLE_CODE = YES;
				CLANG_WARN__DUPLICATE_METHOD_MATCH = YES;
				"CODE_SIGN_IDENTITY[sdk=iphoneos*]" = "iPhone Developer";
				COPY_PHASE_STRIP = NO;
				DEBUG_INFORMATION_FORMAT = dwarf;
				ENABLE_STRICT_OBJC_MSGSEND = YES;
				ENABLE_TESTABILITY = YES;
				GCC_C_LANGUAGE_STANDARD = gnu99;
				GCC_DYNAMIC_NO_PIC = NO;
				GCC_NO_COMMON_BLOCKS = YES;
				GCC_OPTIMIZATION_LEVEL = 0;
				GCC_PREPROCESSOR_DEFINITIONS = (
					"DEBUG=1",
					"$(inherited)",
				);
				GCC_WARN_64_TO_32_BIT_CONVERSION = YES;
				GCC_WARN_ABOUT_RETURN_TYPE = YES_ERROR;
				GCC_WARN_UNDECLARED_SELECTOR = YES;
				GCC_WARN_UNINITIALIZED_AUTOS = YES_AGGRESSIVE;
				GCC_WARN_UNUSED_FUNCTION = YES;
				GCC_WARN_UNUSED_VARIABLE = YES;
				IPHONEOS_DEPLOYMENT_TARGET = 9.3;
				MTL_ENABLE_DEBUG_INFO = YES;
				ONLY_ACTIVE_ARCH = YES;
				SDKROOT = iphoneos;
				SWIFT_ACTIVE_COMPILATION_CONDITIONS = DEBUG;
				SWIFT_OPTIMIZATION_LEVEL = "-Onone";
			};
			name = Debug;
		};
		88DF69511DBF905F00FE11F0 /* Release */ = {
			isa = XCBuildConfiguration;
			buildSettings = {
				ALWAYS_SEARCH_USER_PATHS = NO;
				CLANG_ANALYZER_NONNULL = YES;
				CLANG_CXX_LANGUAGE_STANDARD = "gnu++0x";
				CLANG_CXX_LIBRARY = "libc++";
				CLANG_ENABLE_MODULES = YES;
				CLANG_ENABLE_OBJC_ARC = YES;
				CLANG_WARN_BOOL_CONVERSION = YES;
				CLANG_WARN_CONSTANT_CONVERSION = YES;
				CLANG_WARN_DIRECT_OBJC_ISA_USAGE = YES_ERROR;
				CLANG_WARN_DOCUMENTATION_COMMENTS = YES;
				CLANG_WARN_EMPTY_BODY = YES;
				CLANG_WARN_ENUM_CONVERSION = YES;
				CLANG_WARN_INFINITE_RECURSION = YES;
				CLANG_WARN_INT_CONVERSION = YES;
				CLANG_WARN_OBJC_ROOT_CLASS = YES_ERROR;
				CLANG_WARN_SUSPICIOUS_MOVE = YES;
				CLANG_WARN_SUSPICIOUS_MOVES = YES;
				CLANG_WARN_UNREACHABLE_CODE = YES;
				CLANG_WARN__DUPLICATE_METHOD_MATCH = YES;
				"CODE_SIGN_IDENTITY[sdk=iphoneos*]" = "iPhone Developer";
				COPY_PHASE_STRIP = NO;
				DEBUG_INFORMATION_FORMAT = "dwarf-with-dsym";
				ENABLE_NS_ASSERTIONS = NO;
				ENABLE_STRICT_OBJC_MSGSEND = YES;
				GCC_C_LANGUAGE_STANDARD = gnu99;
				GCC_NO_COMMON_BLOCKS = YES;
				GCC_WARN_64_TO_32_BIT_CONVERSION = YES;
				GCC_WARN_ABOUT_RETURN_TYPE = YES_ERROR;
				GCC_WARN_UNDECLARED_SELECTOR = YES;
				GCC_WARN_UNINITIALIZED_AUTOS = YES_AGGRESSIVE;
				GCC_WARN_UNUSED_FUNCTION = YES;
				GCC_WARN_UNUSED_VARIABLE = YES;
				IPHONEOS_DEPLOYMENT_TARGET = 9.3;
				MTL_ENABLE_DEBUG_INFO = NO;
				SDKROOT = iphoneos;
				SWIFT_OPTIMIZATION_LEVEL = "-Owholemodule";
				VALIDATE_PRODUCT = YES;
			};
			name = Release;
		};
		88DF69531DBF905F00FE11F0 /* Debug */ = {
			isa = XCBuildConfiguration;
			baseConfigurationReference = 9AEB5ED9C6ABF2CA676D9BE4 /* Pods-TransitApp.debug.xcconfig */;
			buildSettings = {
				ALWAYS_EMBED_SWIFT_STANDARD_LIBRARIES = YES;
				ASSETCATALOG_COMPILER_APPICON_NAME = AppIcon;
				DEVELOPMENT_TEAM = 3V4RS4ALV7;
				FRAMEWORK_SEARCH_PATHS = "$(inherited)";
				INFOPLIST_FILE = TransitApp/Info.plist;
				LD_RUNPATH_SEARCH_PATHS = "$(inherited) @executable_path/Frameworks";
				PRODUCT_BUNDLE_IDENTIFIER = com.solidcell.TransitApp;
				PRODUCT_NAME = "$(TARGET_NAME)";
				SWIFT_VERSION = 3.0;
			};
			name = Debug;
		};
		88DF69541DBF905F00FE11F0 /* Release */ = {
			isa = XCBuildConfiguration;
			baseConfigurationReference = 8D3FC6667524E339371C7C02 /* Pods-TransitApp.release.xcconfig */;
			buildSettings = {
				ALWAYS_EMBED_SWIFT_STANDARD_LIBRARIES = YES;
				ASSETCATALOG_COMPILER_APPICON_NAME = AppIcon;
				DEVELOPMENT_TEAM = 3V4RS4ALV7;
				FRAMEWORK_SEARCH_PATHS = "$(inherited)";
				INFOPLIST_FILE = TransitApp/Info.plist;
				LD_RUNPATH_SEARCH_PATHS = "$(inherited) @executable_path/Frameworks";
				PRODUCT_BUNDLE_IDENTIFIER = com.solidcell.TransitApp;
				PRODUCT_NAME = "$(TARGET_NAME)";
				SWIFT_VERSION = 3.0;
			};
			name = Release;
		};
		88DF69561DBF905F00FE11F0 /* Debug */ = {
			isa = XCBuildConfiguration;
			baseConfigurationReference = D906B18321400739B4B477B5 /* Pods-TransitAppTests.debug.xcconfig */;
			buildSettings = {
				ALWAYS_EMBED_SWIFT_STANDARD_LIBRARIES = YES;
				BUNDLE_LOADER = "$(TEST_HOST)";
				CLANG_ENABLE_MODULES = YES;
				INFOPLIST_FILE = TransitAppTests/Info.plist;
				LD_RUNPATH_SEARCH_PATHS = "$(inherited) @executable_path/Frameworks @loader_path/Frameworks";
				PRODUCT_BUNDLE_IDENTIFIER = com.solidcell.TransitAppTests;
				PRODUCT_NAME = "$(TARGET_NAME)";
				SWIFT_OBJC_BRIDGING_HEADER = "TransitAppTests/TransitAppTests-Bridging-Header.h";
				SWIFT_OPTIMIZATION_LEVEL = "-Onone";
				SWIFT_VERSION = 3.0;
				TEST_HOST = "$(BUILT_PRODUCTS_DIR)/TransitApp.app/TransitApp";
			};
			name = Debug;
		};
		88DF69571DBF905F00FE11F0 /* Release */ = {
			isa = XCBuildConfiguration;
			baseConfigurationReference = 48CE241E6B51E73CF5AF8672 /* Pods-TransitAppTests.release.xcconfig */;
			buildSettings = {
				ALWAYS_EMBED_SWIFT_STANDARD_LIBRARIES = YES;
				BUNDLE_LOADER = "$(TEST_HOST)";
				CLANG_ENABLE_MODULES = YES;
				INFOPLIST_FILE = TransitAppTests/Info.plist;
				LD_RUNPATH_SEARCH_PATHS = "$(inherited) @executable_path/Frameworks @loader_path/Frameworks";
				PRODUCT_BUNDLE_IDENTIFIER = com.solidcell.TransitAppTests;
				PRODUCT_NAME = "$(TARGET_NAME)";
				SWIFT_OBJC_BRIDGING_HEADER = "TransitAppTests/TransitAppTests-Bridging-Header.h";
				SWIFT_VERSION = 3.0;
				TEST_HOST = "$(BUILT_PRODUCTS_DIR)/TransitApp.app/TransitApp";
			};
			name = Release;
		};
/* End XCBuildConfiguration section */

/* Begin XCConfigurationList section */
		88DF69301DBF905F00FE11F0 /* Build configuration list for PBXProject "TransitApp" */ = {
			isa = XCConfigurationList;
			buildConfigurations = (
				88DF69501DBF905F00FE11F0 /* Debug */,
				88DF69511DBF905F00FE11F0 /* Release */,
			);
			defaultConfigurationIsVisible = 0;
			defaultConfigurationName = Release;
		};
		88DF69521DBF905F00FE11F0 /* Build configuration list for PBXNativeTarget "TransitApp" */ = {
			isa = XCConfigurationList;
			buildConfigurations = (
				88DF69531DBF905F00FE11F0 /* Debug */,
				88DF69541DBF905F00FE11F0 /* Release */,
			);
			defaultConfigurationIsVisible = 0;
			defaultConfigurationName = Release;
		};
		88DF69551DBF905F00FE11F0 /* Build configuration list for PBXNativeTarget "TransitAppTests" */ = {
			isa = XCConfigurationList;
			buildConfigurations = (
				88DF69561DBF905F00FE11F0 /* Debug */,
				88DF69571DBF905F00FE11F0 /* Release */,
			);
			defaultConfigurationIsVisible = 0;
			defaultConfigurationName = Release;
		};
/* End XCConfigurationList section */
	};
	rootObject = 88DF692D1DBF905F00FE11F0 /* Project object */;
}
