// !$*UTF8*$!
{
	archiveVersion = 1;
	classes = {
	};
	objectVersion = 46;
	objects = {

/* Begin PBXBuildFile section */
		153DEEB7D137F8AA011C616C /* Pods_TransitAppTests.framework in Frameworks */ = {isa = PBXBuildFile; fileRef = 642B0DF2737E6BEB51A4AD79 /* Pods_TransitAppTests.framework */; };
		880EB0611DC334F500C5830E /* TransitAppSpec.swift in Sources */ = {isa = PBXBuildFile; fileRef = 880EB0601DC334F500C5830E /* TransitAppSpec.swift */; };
		880EB0641DC338EF00C5830E /* MainCoordinator.swift in Sources */ = {isa = PBXBuildFile; fileRef = 880EB0631DC338EF00C5830E /* MainCoordinator.swift */; };
		880EB0671DC360C900C5830E /* MapAnnotationProviderSpec.swift in Sources */ = {isa = PBXBuildFile; fileRef = 880EB0661DC360C900C5830E /* MapAnnotationProviderSpec.swift */; };
		880EB06A1DC3612F00C5830E /* MapAnnotationCreator.swift in Sources */ = {isa = PBXBuildFile; fileRef = 880EB0691DC3612F00C5830E /* MapAnnotationCreator.swift */; };
		880EB06C1DC363D700C5830E /* CLLocationCoordinate2D.swift in Sources */ = {isa = PBXBuildFile; fileRef = 880EB06B1DC363D700C5830E /* CLLocationCoordinate2D.swift */; };
		880EB06F1DC36E1A00C5830E /* MapRegionManager.swift in Sources */ = {isa = PBXBuildFile; fileRef = 880EB06E1DC36E1A00C5830E /* MapRegionManager.swift */; };
		880EB0711DC3736F00C5830E /* MapViewDelegate.swift in Sources */ = {isa = PBXBuildFile; fileRef = 880EB0701DC3736F00C5830E /* MapViewDelegate.swift */; };
		880EB0731DC37DFB00C5830E /* CoupScooterData.json in Resources */ = {isa = PBXBuildFile; fileRef = 880EB0721DC37DFB00C5830E /* CoupScooterData.json */; };
		880EB0751DC37E6A00C5830E /* CoupBusinessAreasData.json in Resources */ = {isa = PBXBuildFile; fileRef = 880EB0741DC37E6A00C5830E /* CoupBusinessAreasData.json */; };
		880EB0771DC389C200C5830E /* SegmentedControlSource.swift in Sources */ = {isa = PBXBuildFile; fileRef = 880EB0761DC389C200C5830E /* SegmentedControlSource.swift */; };
		880EB0791DC38A0300C5830E /* SegmentedControlSourceSpec.swift in Sources */ = {isa = PBXBuildFile; fileRef = 880EB0781DC38A0300C5830E /* SegmentedControlSourceSpec.swift */; };
		880EB07D1DC3975400C5830E /* Scooter.swift in Sources */ = {isa = PBXBuildFile; fileRef = 880EB07C1DC3975400C5830E /* Scooter.swift */; };
		880EB0871DC398FC00C5830E /* ScooterParserSpec.swift in Sources */ = {isa = PBXBuildFile; fileRef = 880EB0861DC398FC00C5830E /* ScooterParserSpec.swift */; };
		880EB08C1DC3994E00C5830E /* ScooterParser.swift in Sources */ = {isa = PBXBuildFile; fileRef = 880EB08B1DC3994E00C5830E /* ScooterParser.swift */; };
		880EB08D1DC399BC00C5830E /* TestScooterJSON.json in Resources */ = {isa = PBXBuildFile; fileRef = 880EB0821DC3986400C5830E /* TestScooterJSON.json */; };
		880EB08F1DC39EA300C5830E /* Door2DoorParser.swift in Sources */ = {isa = PBXBuildFile; fileRef = 880EB08E1DC39EA300C5830E /* Door2DoorParser.swift */; };
		880EB0911DC39FCB00C5830E /* CoupParser.swift in Sources */ = {isa = PBXBuildFile; fileRef = 880EB0901DC39FCB00C5830E /* CoupParser.swift */; };
		880EB0931DC3A20200C5830E /* MapAnnotationProvider.swift in Sources */ = {isa = PBXBuildFile; fileRef = 880EB0921DC3A20200C5830E /* MapAnnotationProvider.swift */; };
		880EB0971DC4A06600C5830E /* MapSourceManager.swift in Sources */ = {isa = PBXBuildFile; fileRef = 880EB0961DC4A06600C5830E /* MapSourceManager.swift */; };
		880EB0991DC4A08B00C5830E /* MapSourceManagerSpec.swift in Sources */ = {isa = PBXBuildFile; fileRef = 880EB0981DC4A08B00C5830E /* MapSourceManagerSpec.swift */; };
		880EB09B1DC4CF1700C5830E /* Door2DoorMapAnnotationCreator.swift in Sources */ = {isa = PBXBuildFile; fileRef = 880EB09A1DC4CF1700C5830E /* Door2DoorMapAnnotationCreator.swift */; };
		880EB09D1DC4D1D800C5830E /* CoupMapAnnotationCreator.swift in Sources */ = {isa = PBXBuildFile; fileRef = 880EB09C1DC4D1D800C5830E /* CoupMapAnnotationCreator.swift */; };
		880EB09F1DC4DD8600C5830E /* IterateEnum.swift in Sources */ = {isa = PBXBuildFile; fileRef = 880EB09E1DC4DD8600C5830E /* IterateEnum.swift */; };
		8827E1201DBF914800E06654 /* MapViewController.storyboard in Resources */ = {isa = PBXBuildFile; fileRef = 8827E11F1DBF914800E06654 /* MapViewController.storyboard */; };
		8827E12A1DC0B3E000E06654 /* MapCoordinator.swift in Sources */ = {isa = PBXBuildFile; fileRef = 8827E1291DC0B3E000E06654 /* MapCoordinator.swift */; };
		8827E12D1DC0B7CE00E06654 /* Door2DoorData.json in Resources */ = {isa = PBXBuildFile; fileRef = 8827E12C1DC0B7CE00E06654 /* Door2DoorData.json */; };
		8827E1301DC0BB5E00E06654 /* TestRandomJSON.json in Resources */ = {isa = PBXBuildFile; fileRef = 8827E12F1DC0BB5E00E06654 /* TestRandomJSON.json */; };
		8827E1341DC0BC9900E06654 /* JSONParserSpec.swift in Sources */ = {isa = PBXBuildFile; fileRef = 8827E1331DC0BC9900E06654 /* JSONParserSpec.swift */; };
		8827E1361DC0BD4300E06654 /* JSONParser.swift in Sources */ = {isa = PBXBuildFile; fileRef = 8827E1351DC0BD4300E06654 /* JSONParser.swift */; };
		8827E1371DC0C33800E06654 /* TestRandomJSON.json in Resources */ = {isa = PBXBuildFile; fileRef = 8827E12F1DC0BB5E00E06654 /* TestRandomJSON.json */; };
		8827E1391DC0CB6200E06654 /* TransitProviderParserSpec.swift in Sources */ = {isa = PBXBuildFile; fileRef = 8827E1381DC0CB6200E06654 /* TransitProviderParserSpec.swift */; };
		8827E13C1DC0CBFD00E06654 /* TransitProviderParser.swift in Sources */ = {isa = PBXBuildFile; fileRef = 8827E13B1DC0CBFD00E06654 /* TransitProviderParser.swift */; };
		8827E13F1DC0CC3700E06654 /* TransitProvider.swift in Sources */ = {isa = PBXBuildFile; fileRef = 8827E13E1DC0CC3700E06654 /* TransitProvider.swift */; };
		8827E1411DC0CCC900E06654 /* TestTransitProviderJSON.json in Resources */ = {isa = PBXBuildFile; fileRef = 8827E1401DC0CCC900E06654 /* TestTransitProviderJSON.json */; };
		8827E1441DC0D65600E06654 /* FilterNil.swift in Sources */ = {isa = PBXBuildFile; fileRef = 8827E1431DC0D65600E06654 /* FilterNil.swift */; };
		8827E1461DC0EE9100E06654 /* RouteParserSpec.swift in Sources */ = {isa = PBXBuildFile; fileRef = 8827E1451DC0EE9100E06654 /* RouteParserSpec.swift */; };
		8827E1481DC0EEB900E06654 /* RouteParser.swift in Sources */ = {isa = PBXBuildFile; fileRef = 8827E1471DC0EEB900E06654 /* RouteParser.swift */; };
		8827E14C1DC0F17700E06654 /* Route.swift in Sources */ = {isa = PBXBuildFile; fileRef = 8827E14B1DC0F17700E06654 /* Route.swift */; };
		8827E14D1DC0F23600E06654 /* TestRouteJSON.json in Resources */ = {isa = PBXBuildFile; fileRef = 8827E1491DC0EEF300E06654 /* TestRouteJSON.json */; };
		8827E14F1DC0FD1500E06654 /* main.swift in Sources */ = {isa = PBXBuildFile; fileRef = 8827E14E1DC0FD1500E06654 /* main.swift */; };
		8827E1511DC1030B00E06654 /* Segment.swift in Sources */ = {isa = PBXBuildFile; fileRef = 8827E1501DC1030B00E06654 /* Segment.swift */; };
		8827E1531DC121B000E06654 /* SegmentParser.swift in Sources */ = {isa = PBXBuildFile; fileRef = 8827E1521DC121B000E06654 /* SegmentParser.swift */; };
		8827E1551DC12F8100E06654 /* StopParser.swift in Sources */ = {isa = PBXBuildFile; fileRef = 8827E1541DC12F8100E06654 /* StopParser.swift */; };
		8827E1571DC1302500E06654 /* Stop.swift in Sources */ = {isa = PBXBuildFile; fileRef = 8827E1561DC1302500E06654 /* Stop.swift */; };
		8827E15A1DC24C7500E06654 /* Door2DoorMapAnnotation.swift in Sources */ = {isa = PBXBuildFile; fileRef = 8827E1591DC24C7500E06654 /* Door2DoorMapAnnotation.swift */; };
		8827E15C1DC2505A00E06654 /* SeedDataParser.swift in Sources */ = {isa = PBXBuildFile; fileRef = 8827E15B1DC2505A00E06654 /* SeedDataParser.swift */; };
		8827E15E1DC2507100E06654 /* SeedDataParserSpec.swift in Sources */ = {isa = PBXBuildFile; fileRef = 8827E15D1DC2507100E06654 /* SeedDataParserSpec.swift */; };
		8884CE281DC52F63004365B3 /* CoupMapAnnotation.swift in Sources */ = {isa = PBXBuildFile; fileRef = 8884CE271DC52F63004365B3 /* CoupMapAnnotation.swift */; };
		8884CE2A1DC53316004365B3 /* MapViewDelegateSpec.swift in Sources */ = {isa = PBXBuildFile; fileRef = 8884CE291DC53316004365B3 /* MapViewDelegateSpec.swift */; };
		88DF69391DBF905F00FE11F0 /* AppDelegate.swift in Sources */ = {isa = PBXBuildFile; fileRef = 88DF69381DBF905F00FE11F0 /* AppDelegate.swift */; };
		88DF693B1DBF905F00FE11F0 /* MapViewController.swift in Sources */ = {isa = PBXBuildFile; fileRef = 88DF693A1DBF905F00FE11F0 /* MapViewController.swift */; };
		88DF69401DBF905F00FE11F0 /* Assets.xcassets in Resources */ = {isa = PBXBuildFile; fileRef = 88DF693F1DBF905F00FE11F0 /* Assets.xcassets */; };
		88DF69431DBF905F00FE11F0 /* LaunchScreen.storyboard in Resources */ = {isa = PBXBuildFile; fileRef = 88DF69411DBF905F00FE11F0 /* LaunchScreen.storyboard */; };
		9B32EE54F42C7D821A3758D2 /* Pods_Shows_TransitAppTests.framework in Frameworks */ = {isa = PBXBuildFile; fileRef = 5577BCE77DAC1C9E95FEBF67 /* Pods_Shows_TransitAppTests.framework */; };
		B1014C0579D36450907EE849 /* Pods_TransitApp.framework in Frameworks */ = {isa = PBXBuildFile; fileRef = 31867505C8EB0A265C5556A7 /* Pods_TransitApp.framework */; };
/* End PBXBuildFile section */

/* Begin PBXContainerItemProxy section */
		88DF694A1DBF905F00FE11F0 /* PBXContainerItemProxy */ = {
			isa = PBXContainerItemProxy;
			containerPortal = 88DF692D1DBF905F00FE11F0 /* Project object */;
			proxyType = 1;
			remoteGlobalIDString = 88DF69341DBF905F00FE11F0;
			remoteInfo = TransitApp;
		};
/* End PBXContainerItemProxy section */

/* Begin PBXFileReference section */
		31867505C8EB0A265C5556A7 /* Pods_TransitApp.framework */ = {isa = PBXFileReference; explicitFileType = wrapper.framework; includeInIndex = 0; path = Pods_TransitApp.framework; sourceTree = BUILT_PRODUCTS_DIR; };
		41CA1D9D1436E66B2EEDD667 /* Pods-Shows-TransitAppTests.debug.xcconfig */ = {isa = PBXFileReference; includeInIndex = 1; lastKnownFileType = text.xcconfig; name = "Pods-Shows-TransitAppTests.debug.xcconfig"; path = "Pods/Target Support Files/Pods-Shows-TransitAppTests/Pods-Shows-TransitAppTests.debug.xcconfig"; sourceTree = "<group>"; };
		48CE241E6B51E73CF5AF8672 /* Pods-TransitAppTests.release.xcconfig */ = {isa = PBXFileReference; includeInIndex = 1; lastKnownFileType = text.xcconfig; name = "Pods-TransitAppTests.release.xcconfig"; path = "Pods/Target Support Files/Pods-TransitAppTests/Pods-TransitAppTests.release.xcconfig"; sourceTree = "<group>"; };
		5577BCE77DAC1C9E95FEBF67 /* Pods_Shows_TransitAppTests.framework */ = {isa = PBXFileReference; explicitFileType = wrapper.framework; includeInIndex = 0; path = Pods_Shows_TransitAppTests.framework; sourceTree = BUILT_PRODUCTS_DIR; };
		642B0DF2737E6BEB51A4AD79 /* Pods_TransitAppTests.framework */ = {isa = PBXFileReference; explicitFileType = wrapper.framework; includeInIndex = 0; path = Pods_TransitAppTests.framework; sourceTree = BUILT_PRODUCTS_DIR; };
		880EB0601DC334F500C5830E /* TransitAppSpec.swift */ = {isa = PBXFileReference; fileEncoding = 4; lastKnownFileType = sourcecode.swift; path = TransitAppSpec.swift; sourceTree = "<group>"; };
		880EB0631DC338EF00C5830E /* MainCoordinator.swift */ = {isa = PBXFileReference; fileEncoding = 4; lastKnownFileType = sourcecode.swift; path = MainCoordinator.swift; sourceTree = "<group>"; };
		880EB0661DC360C900C5830E /* MapAnnotationProviderSpec.swift */ = {isa = PBXFileReference; fileEncoding = 4; lastKnownFileType = sourcecode.swift; path = MapAnnotationProviderSpec.swift; sourceTree = "<group>"; };
		880EB0691DC3612F00C5830E /* MapAnnotationCreator.swift */ = {isa = PBXFileReference; fileEncoding = 4; lastKnownFileType = sourcecode.swift; path = MapAnnotationCreator.swift; sourceTree = "<group>"; };
		880EB06B1DC363D700C5830E /* CLLocationCoordinate2D.swift */ = {isa = PBXFileReference; fileEncoding = 4; lastKnownFileType = sourcecode.swift; path = CLLocationCoordinate2D.swift; sourceTree = "<group>"; };
		880EB06E1DC36E1A00C5830E /* MapRegionManager.swift */ = {isa = PBXFileReference; fileEncoding = 4; lastKnownFileType = sourcecode.swift; path = MapRegionManager.swift; sourceTree = "<group>"; };
		880EB0701DC3736F00C5830E /* MapViewDelegate.swift */ = {isa = PBXFileReference; fileEncoding = 4; lastKnownFileType = sourcecode.swift; path = MapViewDelegate.swift; sourceTree = "<group>"; };
		880EB0721DC37DFB00C5830E /* CoupScooterData.json */ = {isa = PBXFileReference; fileEncoding = 4; lastKnownFileType = text.json; path = CoupScooterData.json; sourceTree = "<group>"; };
		880EB0741DC37E6A00C5830E /* CoupBusinessAreasData.json */ = {isa = PBXFileReference; fileEncoding = 4; lastKnownFileType = text.json; path = CoupBusinessAreasData.json; sourceTree = "<group>"; };
		880EB0761DC389C200C5830E /* SegmentedControlSource.swift */ = {isa = PBXFileReference; fileEncoding = 4; lastKnownFileType = sourcecode.swift; path = SegmentedControlSource.swift; sourceTree = "<group>"; };
		880EB0781DC38A0300C5830E /* SegmentedControlSourceSpec.swift */ = {isa = PBXFileReference; fileEncoding = 4; lastKnownFileType = sourcecode.swift; path = SegmentedControlSourceSpec.swift; sourceTree = "<group>"; };
		880EB07C1DC3975400C5830E /* Scooter.swift */ = {isa = PBXFileReference; fileEncoding = 4; lastKnownFileType = sourcecode.swift; path = Scooter.swift; sourceTree = "<group>"; };
		880EB0821DC3986400C5830E /* TestScooterJSON.json */ = {isa = PBXFileReference; fileEncoding = 4; lastKnownFileType = text.json; path = TestScooterJSON.json; sourceTree = "<group>"; };
		880EB0861DC398FC00C5830E /* ScooterParserSpec.swift */ = {isa = PBXFileReference; fileEncoding = 4; lastKnownFileType = sourcecode.swift; path = ScooterParserSpec.swift; sourceTree = "<group>"; };
		880EB08B1DC3994E00C5830E /* ScooterParser.swift */ = {isa = PBXFileReference; fileEncoding = 4; lastKnownFileType = sourcecode.swift; path = ScooterParser.swift; sourceTree = "<group>"; };
		880EB08E1DC39EA300C5830E /* Door2DoorParser.swift */ = {isa = PBXFileReference; fileEncoding = 4; lastKnownFileType = sourcecode.swift; path = Door2DoorParser.swift; sourceTree = "<group>"; };
		880EB0901DC39FCB00C5830E /* CoupParser.swift */ = {isa = PBXFileReference; fileEncoding = 4; lastKnownFileType = sourcecode.swift; path = CoupParser.swift; sourceTree = "<group>"; };
		880EB0921DC3A20200C5830E /* MapAnnotationProvider.swift */ = {isa = PBXFileReference; fileEncoding = 4; lastKnownFileType = sourcecode.swift; path = MapAnnotationProvider.swift; sourceTree = "<group>"; };
		880EB0961DC4A06600C5830E /* MapSourceManager.swift */ = {isa = PBXFileReference; fileEncoding = 4; lastKnownFileType = sourcecode.swift; path = MapSourceManager.swift; sourceTree = "<group>"; };
		880EB0981DC4A08B00C5830E /* MapSourceManagerSpec.swift */ = {isa = PBXFileReference; fileEncoding = 4; lastKnownFileType = sourcecode.swift; path = MapSourceManagerSpec.swift; sourceTree = "<group>"; };
		880EB09A1DC4CF1700C5830E /* Door2DoorMapAnnotationCreator.swift */ = {isa = PBXFileReference; fileEncoding = 4; lastKnownFileType = sourcecode.swift; path = Door2DoorMapAnnotationCreator.swift; sourceTree = "<group>"; };
		880EB09C1DC4D1D800C5830E /* CoupMapAnnotationCreator.swift */ = {isa = PBXFileReference; fileEncoding = 4; lastKnownFileType = sourcecode.swift; path = CoupMapAnnotationCreator.swift; sourceTree = "<group>"; };
		880EB09E1DC4DD8600C5830E /* IterateEnum.swift */ = {isa = PBXFileReference; fileEncoding = 4; lastKnownFileType = sourcecode.swift; path = IterateEnum.swift; sourceTree = "<group>"; };
		8827E11F1DBF914800E06654 /* MapViewController.storyboard */ = {isa = PBXFileReference; fileEncoding = 4; lastKnownFileType = file.storyboard; path = MapViewController.storyboard; sourceTree = "<group>"; };
		8827E1291DC0B3E000E06654 /* MapCoordinator.swift */ = {isa = PBXFileReference; fileEncoding = 4; lastKnownFileType = sourcecode.swift; path = MapCoordinator.swift; sourceTree = "<group>"; };
		8827E12C1DC0B7CE00E06654 /* Door2DoorData.json */ = {isa = PBXFileReference; fileEncoding = 4; lastKnownFileType = text.json; path = Door2DoorData.json; sourceTree = "<group>"; };
		8827E12F1DC0BB5E00E06654 /* TestRandomJSON.json */ = {isa = PBXFileReference; fileEncoding = 4; lastKnownFileType = text.json; name = TestRandomJSON.json; path = TransitAppTests/TestRandomJSON.json; sourceTree = SOURCE_ROOT; };
		8827E1321DC0BC9900E06654 /* TransitAppTests-Bridging-Header.h */ = {isa = PBXFileReference; lastKnownFileType = sourcecode.c.h; path = "TransitAppTests-Bridging-Header.h"; sourceTree = "<group>"; };
		8827E1331DC0BC9900E06654 /* JSONParserSpec.swift */ = {isa = PBXFileReference; fileEncoding = 4; lastKnownFileType = sourcecode.swift; path = JSONParserSpec.swift; sourceTree = "<group>"; };
		8827E1351DC0BD4300E06654 /* JSONParser.swift */ = {isa = PBXFileReference; fileEncoding = 4; lastKnownFileType = sourcecode.swift; path = JSONParser.swift; sourceTree = "<group>"; };
		8827E1381DC0CB6200E06654 /* TransitProviderParserSpec.swift */ = {isa = PBXFileReference; fileEncoding = 4; lastKnownFileType = sourcecode.swift; path = TransitProviderParserSpec.swift; sourceTree = "<group>"; };
		8827E13B1DC0CBFD00E06654 /* TransitProviderParser.swift */ = {isa = PBXFileReference; fileEncoding = 4; lastKnownFileType = sourcecode.swift; path = TransitProviderParser.swift; sourceTree = "<group>"; };
		8827E13E1DC0CC3700E06654 /* TransitProvider.swift */ = {isa = PBXFileReference; fileEncoding = 4; lastKnownFileType = sourcecode.swift; path = TransitProvider.swift; sourceTree = "<group>"; };
		8827E1401DC0CCC900E06654 /* TestTransitProviderJSON.json */ = {isa = PBXFileReference; fileEncoding = 4; lastKnownFileType = text.json; path = TestTransitProviderJSON.json; sourceTree = "<group>"; };
		8827E1431DC0D65600E06654 /* FilterNil.swift */ = {isa = PBXFileReference; fileEncoding = 4; lastKnownFileType = sourcecode.swift; path = FilterNil.swift; sourceTree = "<group>"; };
		8827E1451DC0EE9100E06654 /* RouteParserSpec.swift */ = {isa = PBXFileReference; fileEncoding = 4; lastKnownFileType = sourcecode.swift; path = RouteParserSpec.swift; sourceTree = "<group>"; };
		8827E1471DC0EEB900E06654 /* RouteParser.swift */ = {isa = PBXFileReference; fileEncoding = 4; lastKnownFileType = sourcecode.swift; path = RouteParser.swift; sourceTree = "<group>"; };
		8827E1491DC0EEF300E06654 /* TestRouteJSON.json */ = {isa = PBXFileReference; fileEncoding = 4; lastKnownFileType = text.json; path = TestRouteJSON.json; sourceTree = "<group>"; };
		8827E14B1DC0F17700E06654 /* Route.swift */ = {isa = PBXFileReference; fileEncoding = 4; lastKnownFileType = sourcecode.swift; path = Route.swift; sourceTree = "<group>"; };
		8827E14E1DC0FD1500E06654 /* main.swift */ = {isa = PBXFileReference; fileEncoding = 4; lastKnownFileType = sourcecode.swift; path = main.swift; sourceTree = "<group>"; };
		8827E1501DC1030B00E06654 /* Segment.swift */ = {isa = PBXFileReference; fileEncoding = 4; lastKnownFileType = sourcecode.swift; path = Segment.swift; sourceTree = "<group>"; };
		8827E1521DC121B000E06654 /* SegmentParser.swift */ = {isa = PBXFileReference; fileEncoding = 4; lastKnownFileType = sourcecode.swift; path = SegmentParser.swift; sourceTree = "<group>"; };
		8827E1541DC12F8100E06654 /* StopParser.swift */ = {isa = PBXFileReference; fileEncoding = 4; lastKnownFileType = sourcecode.swift; path = StopParser.swift; sourceTree = "<group>"; };
		8827E1561DC1302500E06654 /* Stop.swift */ = {isa = PBXFileReference; fileEncoding = 4; lastKnownFileType = sourcecode.swift; path = Stop.swift; sourceTree = "<group>"; };
		8827E1591DC24C7500E06654 /* Door2DoorMapAnnotation.swift */ = {isa = PBXFileReference; fileEncoding = 4; lastKnownFileType = sourcecode.swift; path = Door2DoorMapAnnotation.swift; sourceTree = "<group>"; };
		8827E15B1DC2505A00E06654 /* SeedDataParser.swift */ = {isa = PBXFileReference; fileEncoding = 4; lastKnownFileType = sourcecode.swift; path = SeedDataParser.swift; sourceTree = "<group>"; };
		8827E15D1DC2507100E06654 /* SeedDataParserSpec.swift */ = {isa = PBXFileReference; fileEncoding = 4; lastKnownFileType = sourcecode.swift; path = SeedDataParserSpec.swift; sourceTree = "<group>"; };
		8884CE271DC52F63004365B3 /* CoupMapAnnotation.swift */ = {isa = PBXFileReference; fileEncoding = 4; lastKnownFileType = sourcecode.swift; path = CoupMapAnnotation.swift; sourceTree = "<group>"; };
		8884CE291DC53316004365B3 /* MapViewDelegateSpec.swift */ = {isa = PBXFileReference; fileEncoding = 4; lastKnownFileType = sourcecode.swift; path = MapViewDelegateSpec.swift; sourceTree = "<group>"; };
		88DF69351DBF905F00FE11F0 /* TransitApp.app */ = {isa = PBXFileReference; explicitFileType = wrapper.application; includeInIndex = 0; path = TransitApp.app; sourceTree = BUILT_PRODUCTS_DIR; };
		88DF69381DBF905F00FE11F0 /* AppDelegate.swift */ = {isa = PBXFileReference; lastKnownFileType = sourcecode.swift; path = AppDelegate.swift; sourceTree = "<group>"; };
		88DF693A1DBF905F00FE11F0 /* MapViewController.swift */ = {isa = PBXFileReference; lastKnownFileType = sourcecode.swift; path = MapViewController.swift; sourceTree = "<group>"; };
		88DF693F1DBF905F00FE11F0 /* Assets.xcassets */ = {isa = PBXFileReference; lastKnownFileType = folder.assetcatalog; path = Assets.xcassets; sourceTree = "<group>"; };
		88DF69421DBF905F00FE11F0 /* Base */ = {isa = PBXFileReference; lastKnownFileType = file.storyboard; name = Base; path = Base.lproj/LaunchScreen.storyboard; sourceTree = "<group>"; };
		88DF69441DBF905F00FE11F0 /* Info.plist */ = {isa = PBXFileReference; lastKnownFileType = text.plist.xml; path = Info.plist; sourceTree = "<group>"; };
		88DF69491DBF905F00FE11F0 /* TransitAppTests.xctest */ = {isa = PBXFileReference; explicitFileType = wrapper.cfbundle; includeInIndex = 0; path = TransitAppTests.xctest; sourceTree = BUILT_PRODUCTS_DIR; };
		88DF694F1DBF905F00FE11F0 /* Info.plist */ = {isa = PBXFileReference; lastKnownFileType = text.plist.xml; path = Info.plist; sourceTree = "<group>"; };
		8D3FC6667524E339371C7C02 /* Pods-TransitApp.release.xcconfig */ = {isa = PBXFileReference; includeInIndex = 1; lastKnownFileType = text.xcconfig; name = "Pods-TransitApp.release.xcconfig"; path = "Pods/Target Support Files/Pods-TransitApp/Pods-TransitApp.release.xcconfig"; sourceTree = "<group>"; };
		9AEB5ED9C6ABF2CA676D9BE4 /* Pods-TransitApp.debug.xcconfig */ = {isa = PBXFileReference; includeInIndex = 1; lastKnownFileType = text.xcconfig; name = "Pods-TransitApp.debug.xcconfig"; path = "Pods/Target Support Files/Pods-TransitApp/Pods-TransitApp.debug.xcconfig"; sourceTree = "<group>"; };
		D906B18321400739B4B477B5 /* Pods-TransitAppTests.debug.xcconfig */ = {isa = PBXFileReference; includeInIndex = 1; lastKnownFileType = text.xcconfig; name = "Pods-TransitAppTests.debug.xcconfig"; path = "Pods/Target Support Files/Pods-TransitAppTests/Pods-TransitAppTests.debug.xcconfig"; sourceTree = "<group>"; };
		E42FB6A03E2265990F065F70 /* Pods-Shows-TransitAppTests.release.xcconfig */ = {isa = PBXFileReference; includeInIndex = 1; lastKnownFileType = text.xcconfig; name = "Pods-Shows-TransitAppTests.release.xcconfig"; path = "Pods/Target Support Files/Pods-Shows-TransitAppTests/Pods-Shows-TransitAppTests.release.xcconfig"; sourceTree = "<group>"; };
/* End PBXFileReference section */

/* Begin PBXFrameworksBuildPhase section */
		88DF69321DBF905F00FE11F0 /* Frameworks */ = {
			isa = PBXFrameworksBuildPhase;
			buildActionMask = 2147483647;
			files = (
				B1014C0579D36450907EE849 /* Pods_TransitApp.framework in Frameworks */,
			);
			runOnlyForDeploymentPostprocessing = 0;
		};
		88DF69461DBF905F00FE11F0 /* Frameworks */ = {
			isa = PBXFrameworksBuildPhase;
			buildActionMask = 2147483647;
			files = (
				153DEEB7D137F8AA011C616C /* Pods_TransitAppTests.framework in Frameworks */,
				9B32EE54F42C7D821A3758D2 /* Pods_Shows_TransitAppTests.framework in Frameworks */,
			);
			runOnlyForDeploymentPostprocessing = 0;
		};
/* End PBXFrameworksBuildPhase section */

/* Begin PBXGroup section */
		1087998E3743407116176E77 /* Frameworks */ = {
			isa = PBXGroup;
			children = (
				642B0DF2737E6BEB51A4AD79 /* Pods_TransitAppTests.framework */,
				31867505C8EB0A265C5556A7 /* Pods_TransitApp.framework */,
				5577BCE77DAC1C9E95FEBF67 /* Pods_Shows_TransitAppTests.framework */,
			);
			name = Frameworks;
			sourceTree = "<group>";
		};
		880EB0621DC338BC00C5830E /* Main */ = {
			isa = PBXGroup;
			children = (
				8827E14E1DC0FD1500E06654 /* main.swift */,
				88DF69381DBF905F00FE11F0 /* AppDelegate.swift */,
				880EB0631DC338EF00C5830E /* MainCoordinator.swift */,
			);
			name = Main;
			sourceTree = "<group>";
		};
		880EB0651DC3607D00C5830E /* JSONParsing */ = {
			isa = PBXGroup;
			children = (
				8827E15D1DC2507100E06654 /* SeedDataParserSpec.swift */,
				8827E1331DC0BC9900E06654 /* JSONParserSpec.swift */,
				880EB0851DC398E900C5830E /* Coup */,
				880EB0841DC398A000C5830E /* Door2Door */,
			);
			name = JSONParsing;
			sourceTree = "<group>";
		};
		880EB0681DC3611E00C5830E /* MapAnnotations */ = {
			isa = PBXGroup;
			children = (
				880EB0921DC3A20200C5830E /* MapAnnotationProvider.swift */,
				880EB0691DC3612F00C5830E /* MapAnnotationCreator.swift */,
				8884CE251DC52ECD004365B3 /* Door2Door */,
				8884CE261DC52EDF004365B3 /* Coup */,
			);
			name = MapAnnotations;
			sourceTree = "<group>";
		};
		880EB07A1DC3972C00C5830E /* Door2Door */ = {
			isa = PBXGroup;
			children = (
				8827E13E1DC0CC3700E06654 /* TransitProvider.swift */,
				8827E14B1DC0F17700E06654 /* Route.swift */,
				8827E1501DC1030B00E06654 /* Segment.swift */,
				8827E1561DC1302500E06654 /* Stop.swift */,
			);
			name = Door2Door;
			sourceTree = "<group>";
		};
		880EB07B1DC3974300C5830E /* Coup */ = {
			isa = PBXGroup;
			children = (
				880EB07C1DC3975400C5830E /* Scooter.swift */,
			);
			name = Coup;
			sourceTree = "<group>";
		};
		880EB0801DC3981B00C5830E /* Door2Door */ = {
			isa = PBXGroup;
			children = (
				8827E1401DC0CCC900E06654 /* TestTransitProviderJSON.json */,
				8827E1491DC0EEF300E06654 /* TestRouteJSON.json */,
			);
			name = Door2Door;
			sourceTree = "<group>";
		};
		880EB0811DC3982900C5830E /* Coup */ = {
			isa = PBXGroup;
			children = (
				880EB0821DC3986400C5830E /* TestScooterJSON.json */,
			);
			name = Coup;
			sourceTree = "<group>";
		};
		880EB0841DC398A000C5830E /* Door2Door */ = {
			isa = PBXGroup;
			children = (
				8827E1381DC0CB6200E06654 /* TransitProviderParserSpec.swift */,
				8827E1451DC0EE9100E06654 /* RouteParserSpec.swift */,
			);
			name = Door2Door;
			sourceTree = "<group>";
		};
		880EB0851DC398E900C5830E /* Coup */ = {
			isa = PBXGroup;
			children = (
				880EB0861DC398FC00C5830E /* ScooterParserSpec.swift */,
			);
			name = Coup;
			sourceTree = "<group>";
		};
		880EB0891DC3993900C5830E /* Door2Door */ = {
			isa = PBXGroup;
			children = (
				880EB08E1DC39EA300C5830E /* Door2DoorParser.swift */,
				8827E13B1DC0CBFD00E06654 /* TransitProviderParser.swift */,
				8827E1471DC0EEB900E06654 /* RouteParser.swift */,
				8827E1521DC121B000E06654 /* SegmentParser.swift */,
				8827E1541DC12F8100E06654 /* StopParser.swift */,
			);
			name = Door2Door;
			sourceTree = "<group>";
		};
		880EB08A1DC3994200C5830E /* Coup */ = {
			isa = PBXGroup;
			children = (
				880EB0901DC39FCB00C5830E /* CoupParser.swift */,
				880EB08B1DC3994E00C5830E /* ScooterParser.swift */,
			);
			name = Coup;
			sourceTree = "<group>";
		};
		8827E1281DC0B3C900E06654 /* MapViewController */ = {
			isa = PBXGroup;
			children = (
				8827E1291DC0B3E000E06654 /* MapCoordinator.swift */,
				88DF693A1DBF905F00FE11F0 /* MapViewController.swift */,
				880EB0761DC389C200C5830E /* SegmentedControlSource.swift */,
				880EB0701DC3736F00C5830E /* MapViewDelegate.swift */,
				8827E11F1DBF914800E06654 /* MapViewController.storyboard */,
			);
			name = MapViewController;
			sourceTree = "<group>";
		};
		8827E12B1DC0B77F00E06654 /* SeedData */ = {
			isa = PBXGroup;
			children = (
				880EB0741DC37E6A00C5830E /* CoupBusinessAreasData.json */,
				880EB0721DC37DFB00C5830E /* CoupScooterData.json */,
				8827E12C1DC0B7CE00E06654 /* Door2DoorData.json */,
			);
			name = SeedData;
			sourceTree = "<group>";
		};
		8827E12E1DC0BB1900E06654 /* Assets */ = {
			isa = PBXGroup;
			children = (
				8827E12F1DC0BB5E00E06654 /* TestRandomJSON.json */,
				880EB0811DC3982900C5830E /* Coup */,
				880EB0801DC3981B00C5830E /* Door2Door */,
			);
			name = Assets;
			sourceTree = "<group>";
		};
		8827E13A1DC0CBDA00E06654 /* JSONParsing */ = {
			isa = PBXGroup;
			children = (
				8827E15B1DC2505A00E06654 /* SeedDataParser.swift */,
				8827E1351DC0BD4300E06654 /* JSONParser.swift */,
				880EB08A1DC3994200C5830E /* Coup */,
				880EB0891DC3993900C5830E /* Door2Door */,
			);
			name = JSONParsing;
			sourceTree = "<group>";
		};
		8827E13D1DC0CC1E00E06654 /* Models */ = {
			isa = PBXGroup;
			children = (
				880EB07B1DC3974300C5830E /* Coup */,
				880EB07A1DC3972C00C5830E /* Door2Door */,
			);
			name = Models;
			sourceTree = "<group>";
		};
		8827E1421DC0D64400E06654 /* Extensions */ = {
			isa = PBXGroup;
			children = (
				8827E1431DC0D65600E06654 /* FilterNil.swift */,
				880EB06B1DC363D700C5830E /* CLLocationCoordinate2D.swift */,
				880EB09E1DC4DD8600C5830E /* IterateEnum.swift */,
			);
			name = Extensions;
			sourceTree = "<group>";
		};
		8884CE251DC52ECD004365B3 /* Door2Door */ = {
			isa = PBXGroup;
			children = (
				880EB09A1DC4CF1700C5830E /* Door2DoorMapAnnotationCreator.swift */,
				8827E1591DC24C7500E06654 /* Door2DoorMapAnnotation.swift */,
			);
			name = Door2Door;
			sourceTree = "<group>";
		};
		8884CE261DC52EDF004365B3 /* Coup */ = {
			isa = PBXGroup;
			children = (
				880EB09C1DC4D1D800C5830E /* CoupMapAnnotationCreator.swift */,
				8884CE271DC52F63004365B3 /* CoupMapAnnotation.swift */,
			);
			name = Coup;
			sourceTree = "<group>";
		};
		88DF692C1DBF905F00FE11F0 = {
			isa = PBXGroup;
			children = (
				88DF69371DBF905F00FE11F0 /* TransitApp */,
				88DF694C1DBF905F00FE11F0 /* TransitAppTests */,
				88DF69361DBF905F00FE11F0 /* Products */,
				D4C936C2E72A8F166808E7C1 /* Pods */,
				1087998E3743407116176E77 /* Frameworks */,
			);
			sourceTree = "<group>";
		};
		88DF69361DBF905F00FE11F0 /* Products */ = {
			isa = PBXGroup;
			children = (
				88DF69351DBF905F00FE11F0 /* TransitApp.app */,
				88DF69491DBF905F00FE11F0 /* TransitAppTests.xctest */,
			);
			name = Products;
			sourceTree = "<group>";
		};
		88DF69371DBF905F00FE11F0 /* TransitApp */ = {
			isa = PBXGroup;
			children = (
				880EB0621DC338BC00C5830E /* Main */,
				880EB06E1DC36E1A00C5830E /* MapRegionManager.swift */,
				880EB0961DC4A06600C5830E /* MapSourceManager.swift */,
				880EB0681DC3611E00C5830E /* MapAnnotations */,
				8827E13D1DC0CC1E00E06654 /* Models */,
				8827E1281DC0B3C900E06654 /* MapViewController */,
				8827E13A1DC0CBDA00E06654 /* JSONParsing */,
				8827E12B1DC0B77F00E06654 /* SeedData */,
				8827E1421DC0D64400E06654 /* Extensions */,
				88DF693F1DBF905F00FE11F0 /* Assets.xcassets */,
				88DF69411DBF905F00FE11F0 /* LaunchScreen.storyboard */,
				88DF69441DBF905F00FE11F0 /* Info.plist */,
			);
			path = TransitApp;
			sourceTree = "<group>";
		};
		88DF694C1DBF905F00FE11F0 /* TransitAppTests */ = {
			isa = PBXGroup;
			children = (
				880EB0981DC4A08B00C5830E /* MapSourceManagerSpec.swift */,
				880EB0661DC360C900C5830E /* MapAnnotationProviderSpec.swift */,
				880EB0781DC38A0300C5830E /* SegmentedControlSourceSpec.swift */,
				8884CE291DC53316004365B3 /* MapViewDelegateSpec.swift */,
				880EB0651DC3607D00C5830E /* JSONParsing */,
				880EB0601DC334F500C5830E /* TransitAppSpec.swift */,
				8827E12E1DC0BB1900E06654 /* Assets */,
				8827E1321DC0BC9900E06654 /* TransitAppTests-Bridging-Header.h */,
				88DF694F1DBF905F00FE11F0 /* Info.plist */,
			);
			path = TransitAppTests;
			sourceTree = "<group>";
		};
		D4C936C2E72A8F166808E7C1 /* Pods */ = {
			isa = PBXGroup;
			children = (
				D906B18321400739B4B477B5 /* Pods-TransitAppTests.debug.xcconfig */,
				48CE241E6B51E73CF5AF8672 /* Pods-TransitAppTests.release.xcconfig */,
				41CA1D9D1436E66B2EEDD667 /* Pods-Shows-TransitAppTests.debug.xcconfig */,
				E42FB6A03E2265990F065F70 /* Pods-Shows-TransitAppTests.release.xcconfig */,
				9AEB5ED9C6ABF2CA676D9BE4 /* Pods-TransitApp.debug.xcconfig */,
				8D3FC6667524E339371C7C02 /* Pods-TransitApp.release.xcconfig */,
			);
			name = Pods;
			sourceTree = "<group>";
		};
/* End PBXGroup section */

/* Begin PBXNativeTarget section */
		88DF69341DBF905F00FE11F0 /* TransitApp */ = {
			isa = PBXNativeTarget;
			buildConfigurationList = 88DF69521DBF905F00FE11F0 /* Build configuration list for PBXNativeTarget "TransitApp" */;
			buildPhases = (
				3D500CE4C8DAABF6286DCB7B /* [CP] Check Pods Manifest.lock */,
				88DF69311DBF905F00FE11F0 /* Sources */,
				88DF69321DBF905F00FE11F0 /* Frameworks */,
				88DF69331DBF905F00FE11F0 /* Resources */,
				BA07D756A656A5ADA841EEC8 /* [CP] Embed Pods Frameworks */,
				273913AA01CA221A9ACDEC74 /* [CP] Copy Pods Resources */,
			);
			buildRules = (
			);
			dependencies = (
			);
			name = TransitApp;
			productName = TransitApp;
			productReference = 88DF69351DBF905F00FE11F0 /* TransitApp.app */;
			productType = "com.apple.product-type.application";
		};
		88DF69481DBF905F00FE11F0 /* TransitAppTests */ = {
			isa = PBXNativeTarget;
			buildConfigurationList = 88DF69551DBF905F00FE11F0 /* Build configuration list for PBXNativeTarget "TransitAppTests" */;
			buildPhases = (
				E1F7BA6813473B2DACE77821 /* [CP] Check Pods Manifest.lock */,
				88DF69451DBF905F00FE11F0 /* Sources */,
				88DF69461DBF905F00FE11F0 /* Frameworks */,
				88DF69471DBF905F00FE11F0 /* Resources */,
				B98D189D29BF2E96A53EC6DF /* [CP] Embed Pods Frameworks */,
				96577C516299A5CB5B354772 /* [CP] Copy Pods Resources */,
			);
			buildRules = (
			);
			dependencies = (
				88DF694B1DBF905F00FE11F0 /* PBXTargetDependency */,
			);
			name = TransitAppTests;
			productName = TransitAppTests;
			productReference = 88DF69491DBF905F00FE11F0 /* TransitAppTests.xctest */;
			productType = "com.apple.product-type.bundle.unit-test";
		};
/* End PBXNativeTarget section */

/* Begin PBXProject section */
		88DF692D1DBF905F00FE11F0 /* Project object */ = {
			isa = PBXProject;
			attributes = {
				LastSwiftUpdateCheck = 0800;
				LastUpgradeCheck = 0800;
				ORGANIZATIONNAME = solidcell;
				TargetAttributes = {
					88DF69341DBF905F00FE11F0 = {
						CreatedOnToolsVersion = 8.0;
						DevelopmentTeam = 3V4RS4ALV7;
						ProvisioningStyle = Automatic;
					};
					88DF69481DBF905F00FE11F0 = {
						CreatedOnToolsVersion = 8.0;
						LastSwiftMigration = 0800;
						ProvisioningStyle = Automatic;
						TestTargetID = 88DF69341DBF905F00FE11F0;
					};
				};
			};
			buildConfigurationList = 88DF69301DBF905F00FE11F0 /* Build configuration list for PBXProject "TransitApp" */;
			compatibilityVersion = "Xcode 3.2";
			developmentRegion = English;
			hasScannedForEncodings = 0;
			knownRegions = (
				en,
				Base,
			);
			mainGroup = 88DF692C1DBF905F00FE11F0;
			productRefGroup = 88DF69361DBF905F00FE11F0 /* Products */;
			projectDirPath = "";
			projectRoot = "";
			targets = (
				88DF69341DBF905F00FE11F0 /* TransitApp */,
				88DF69481DBF905F00FE11F0 /* TransitAppTests */,
			);
		};
/* End PBXProject section */

/* Begin PBXResourcesBuildPhase section */
		88DF69331DBF905F00FE11F0 /* Resources */ = {
			isa = PBXResourcesBuildPhase;
			buildActionMask = 2147483647;
			files = (
				8827E1371DC0C33800E06654 /* TestRandomJSON.json in Resources */,
				8827E1411DC0CCC900E06654 /* TestTransitProviderJSON.json in Resources */,
				8827E14D1DC0F23600E06654 /* TestRouteJSON.json in Resources */,
				88DF69431DBF905F00FE11F0 /* LaunchScreen.storyboard in Resources */,
				880EB0731DC37DFB00C5830E /* CoupScooterData.json in Resources */,
				88DF69401DBF905F00FE11F0 /* Assets.xcassets in Resources */,
				880EB0751DC37E6A00C5830E /* CoupBusinessAreasData.json in Resources */,
				880EB08D1DC399BC00C5830E /* TestScooterJSON.json in Resources */,
				8827E12D1DC0B7CE00E06654 /* Door2DoorData.json in Resources */,
				8827E1201DBF914800E06654 /* MapViewController.storyboard in Resources */,
			);
			runOnlyForDeploymentPostprocessing = 0;
		};
		88DF69471DBF905F00FE11F0 /* Resources */ = {
			isa = PBXResourcesBuildPhase;
			buildActionMask = 2147483647;
			files = (
				8827E1301DC0BB5E00E06654 /* TestRandomJSON.json in Resources */,
			);
			runOnlyForDeploymentPostprocessing = 0;
		};
/* End PBXResourcesBuildPhase section */

/* Begin PBXShellScriptBuildPhase section */
		273913AA01CA221A9ACDEC74 /* [CP] Copy Pods Resources */ = {
			isa = PBXShellScriptBuildPhase;
			buildActionMask = 2147483647;
			files = (
			);
			inputPaths = (
			);
			name = "[CP] Copy Pods Resources";
			outputPaths = (
			);
			runOnlyForDeploymentPostprocessing = 0;
			shellPath = /bin/sh;
			shellScript = "\"${SRCROOT}/Pods/Target Support Files/Pods-TransitApp/Pods-TransitApp-resources.sh\"\n";
			showEnvVarsInLog = 0;
		};
		3D500CE4C8DAABF6286DCB7B /* [CP] Check Pods Manifest.lock */ = {
			isa = PBXShellScriptBuildPhase;
			buildActionMask = 2147483647;
			files = (
			);
			inputPaths = (
			);
			name = "[CP] Check Pods Manifest.lock";
			outputPaths = (
			);
			runOnlyForDeploymentPostprocessing = 0;
			shellPath = /bin/sh;
			shellScript = "diff \"${PODS_ROOT}/../Podfile.lock\" \"${PODS_ROOT}/Manifest.lock\" > /dev/null\nif [ $? != 0 ] ; then\n    # print error to STDERR\n    echo \"error: The sandbox is not in sync with the Podfile.lock. Run 'pod install' or update your CocoaPods installation.\" >&2\n    exit 1\nfi\n";
			showEnvVarsInLog = 0;
		};
		96577C516299A5CB5B354772 /* [CP] Copy Pods Resources */ = {
			isa = PBXShellScriptBuildPhase;
			buildActionMask = 2147483647;
			files = (
			);
			inputPaths = (
			);
			name = "[CP] Copy Pods Resources";
			outputPaths = (
			);
			runOnlyForDeploymentPostprocessing = 0;
			shellPath = /bin/sh;
			shellScript = "\"${SRCROOT}/Pods/Target Support Files/Pods-TransitAppTests/Pods-TransitAppTests-resources.sh\"\n";
			showEnvVarsInLog = 0;
		};
		B98D189D29BF2E96A53EC6DF /* [CP] Embed Pods Frameworks */ = {
			isa = PBXShellScriptBuildPhase;
			buildActionMask = 2147483647;
			files = (
			);
			inputPaths = (
			);
			name = "[CP] Embed Pods Frameworks";
			outputPaths = (
			);
			runOnlyForDeploymentPostprocessing = 0;
			shellPath = /bin/sh;
			shellScript = "\"${SRCROOT}/Pods/Target Support Files/Pods-TransitAppTests/Pods-TransitAppTests-frameworks.sh\"\n";
			showEnvVarsInLog = 0;
		};
		BA07D756A656A5ADA841EEC8 /* [CP] Embed Pods Frameworks */ = {
			isa = PBXShellScriptBuildPhase;
			buildActionMask = 2147483647;
			files = (
			);
			inputPaths = (
			);
			name = "[CP] Embed Pods Frameworks";
			outputPaths = (
			);
			runOnlyForDeploymentPostprocessing = 0;
			shellPath = /bin/sh;
			shellScript = "\"${SRCROOT}/Pods/Target Support Files/Pods-TransitApp/Pods-TransitApp-frameworks.sh\"\n";
			showEnvVarsInLog = 0;
		};
		E1F7BA6813473B2DACE77821 /* [CP] Check Pods Manifest.lock */ = {
			isa = PBXShellScriptBuildPhase;
			buildActionMask = 2147483647;
			files = (
			);
			inputPaths = (
			);
			name = "[CP] Check Pods Manifest.lock";
			outputPaths = (
			);
			runOnlyForDeploymentPostprocessing = 0;
			shellPath = /bin/sh;
			shellScript = "diff \"${PODS_ROOT}/../Podfile.lock\" \"${PODS_ROOT}/Manifest.lock\" > /dev/null\nif [ $? != 0 ] ; then\n    # print error to STDERR\n    echo \"error: The sandbox is not in sync with the Podfile.lock. Run 'pod install' or update your CocoaPods installation.\" >&2\n    exit 1\nfi\n";
			showEnvVarsInLog = 0;
		};
/* End PBXShellScriptBuildPhase section */

/* Begin PBXSourcesBuildPhase section */
		88DF69311DBF905F00FE11F0 /* Sources */ = {
			isa = PBXSourcesBuildPhase;
			buildActionMask = 2147483647;
			files = (
				880EB0641DC338EF00C5830E /* MainCoordinator.swift in Sources */,
				8827E14C1DC0F17700E06654 /* Route.swift in Sources */,
				8884CE281DC52F63004365B3 /* CoupMapAnnotation.swift in Sources */,
				880EB08C1DC3994E00C5830E /* ScooterParser.swift in Sources */,
				880EB0931DC3A20200C5830E /* MapAnnotationProvider.swift in Sources */,
				880EB0771DC389C200C5830E /* SegmentedControlSource.swift in Sources */,
				8827E1481DC0EEB900E06654 /* RouteParser.swift in Sources */,
				88DF693B1DBF905F00FE11F0 /* MapViewController.swift in Sources */,
				8827E1441DC0D65600E06654 /* FilterNil.swift in Sources */,
				8827E13C1DC0CBFD00E06654 /* TransitProviderParser.swift in Sources */,
				880EB08F1DC39EA300C5830E /* Door2DoorParser.swift in Sources */,
				880EB0711DC3736F00C5830E /* MapViewDelegate.swift in Sources */,
				8827E1511DC1030B00E06654 /* Segment.swift in Sources */,
				8827E1531DC121B000E06654 /* SegmentParser.swift in Sources */,
				8827E15C1DC2505A00E06654 /* SeedDataParser.swift in Sources */,
				8827E1571DC1302500E06654 /* Stop.swift in Sources */,
				880EB09F1DC4DD8600C5830E /* IterateEnum.swift in Sources */,
				880EB09D1DC4D1D800C5830E /* CoupMapAnnotationCreator.swift in Sources */,
				8827E12A1DC0B3E000E06654 /* MapCoordinator.swift in Sources */,
				880EB0911DC39FCB00C5830E /* CoupParser.swift in Sources */,
				8827E1551DC12F8100E06654 /* StopParser.swift in Sources */,
				880EB07D1DC3975400C5830E /* Scooter.swift in Sources */,
				8827E15A1DC24C7500E06654 /* Door2DoorMapAnnotation.swift in Sources */,
				8827E14F1DC0FD1500E06654 /* main.swift in Sources */,
				880EB06F1DC36E1A00C5830E /* MapRegionManager.swift in Sources */,
				8827E1361DC0BD4300E06654 /* JSONParser.swift in Sources */,
				8827E13F1DC0CC3700E06654 /* TransitProvider.swift in Sources */,
				880EB06A1DC3612F00C5830E /* MapAnnotationCreator.swift in Sources */,
				880EB09B1DC4CF1700C5830E /* Door2DoorMapAnnotationCreator.swift in Sources */,
				880EB06C1DC363D700C5830E /* CLLocationCoordinate2D.swift in Sources */,
				88DF69391DBF905F00FE11F0 /* AppDelegate.swift in Sources */,
				880EB0971DC4A06600C5830E /* MapSourceManager.swift in Sources */,
			);
			runOnlyForDeploymentPostprocessing = 0;
		};
		88DF69451DBF905F00FE11F0 /* Sources */ = {
			isa = PBXSourcesBuildPhase;
			buildActionMask = 2147483647;
			files = (
				880EB0791DC38A0300C5830E /* SegmentedControlSourceSpec.swift in Sources */,
				8827E1391DC0CB6200E06654 /* TransitProviderParserSpec.swift in Sources */,
				880EB0871DC398FC00C5830E /* ScooterParserSpec.swift in Sources */,
				880EB0991DC4A08B00C5830E /* MapSourceManagerSpec.swift in Sources */,
				8827E1341DC0BC9900E06654 /* JSONParserSpec.swift in Sources */,
				880EB0611DC334F500C5830E /* TransitAppSpec.swift in Sources */,
				8827E15E1DC2507100E06654 /* SeedDataParserSpec.swift in Sources */,
				8884CE2A1DC53316004365B3 /* MapViewDelegateSpec.swift in Sources */,
				8827E1461DC0EE9100E06654 /* RouteParserSpec.swift in Sources */,
				880EB0671DC360C900C5830E /* MapAnnotationProviderSpec.swift in Sources */,
			);
			runOnlyForDeploymentPostprocessing = 0;
		};
/* End PBXSourcesBuildPhase section */

/* Begin PBXTargetDependency section */
		88DF694B1DBF905F00FE11F0 /* PBXTargetDependency */ = {
			isa = PBXTargetDependency;
			target = 88DF69341DBF905F00FE11F0 /* TransitApp */;
			targetProxy = 88DF694A1DBF905F00FE11F0 /* PBXContainerItemProxy */;
		};
/* End PBXTargetDependency section */

/* Begin PBXVariantGroup section */
		88DF69411DBF905F00FE11F0 /* LaunchScreen.storyboard */ = {
			isa = PBXVariantGroup;
			children = (
				88DF69421DBF905F00FE11F0 /* Base */,
			);
			name = LaunchScreen.storyboard;
			sourceTree = "<group>";
		};
/* End PBXVariantGroup section */

/* Begin XCBuildConfiguration section */
		88DF69501DBF905F00FE11F0 /* Debug */ = {
			isa = XCBuildConfiguration;
			buildSettings = {
				ALWAYS_SEARCH_USER_PATHS = NO;
				CLANG_ANALYZER_NONNULL = YES;
				CLANG_CXX_LANGUAGE_STANDARD = "gnu++0x";
				CLANG_CXX_LIBRARY = "libc++";
				CLANG_ENABLE_MODULES = YES;
				CLANG_ENABLE_OBJC_ARC = YES;
				CLANG_WARN_BOOL_CONVERSION = YES;
				CLANG_WARN_CONSTANT_CONVERSION = YES;
				CLANG_WARN_DIRECT_OBJC_ISA_USAGE = YES_ERROR;
				CLANG_WARN_DOCUMENTATION_COMMENTS = YES;
				CLANG_WARN_EMPTY_BODY = YES;
				CLANG_WARN_ENUM_CONVERSION = YES;
				CLANG_WARN_INFINITE_RECURSION = YES;
				CLANG_WARN_INT_CONVERSION = YES;
				CLANG_WARN_OBJC_ROOT_CLASS = YES_ERROR;
				CLANG_WARN_SUSPICIOUS_MOVE = YES;
				CLANG_WARN_SUSPICIOUS_MOVES = YES;
				CLANG_WARN_UNREACHABLE_CODE = YES;
				CLANG_WARN__DUPLICATE_METHOD_MATCH = YES;
				"CODE_SIGN_IDENTITY[sdk=iphoneos*]" = "iPhone Developer";
				COPY_PHASE_STRIP = NO;
				DEBUG_INFORMATION_FORMAT = dwarf;
				ENABLE_STRICT_OBJC_MSGSEND = YES;
				ENABLE_TESTABILITY = YES;
				GCC_C_LANGUAGE_STANDARD = gnu99;
				GCC_DYNAMIC_NO_PIC = NO;
				GCC_NO_COMMON_BLOCKS = YES;
				GCC_OPTIMIZATION_LEVEL = 0;
				GCC_PREPROCESSOR_DEFINITIONS = (
					"DEBUG=1",
					"$(inherited)",
				);
				GCC_WARN_64_TO_32_BIT_CONVERSION = YES;
				GCC_WARN_ABOUT_RETURN_TYPE = YES_ERROR;
				GCC_WARN_UNDECLARED_SELECTOR = YES;
				GCC_WARN_UNINITIALIZED_AUTOS = YES_AGGRESSIVE;
				GCC_WARN_UNUSED_FUNCTION = YES;
				GCC_WARN_UNUSED_VARIABLE = YES;
				IPHONEOS_DEPLOYMENT_TARGET = 9.3;
				MTL_ENABLE_DEBUG_INFO = YES;
				ONLY_ACTIVE_ARCH = YES;
				SDKROOT = iphoneos;
				SWIFT_ACTIVE_COMPILATION_CONDITIONS = DEBUG;
				SWIFT_OPTIMIZATION_LEVEL = "-Onone";
			};
			name = Debug;
		};
		88DF69511DBF905F00FE11F0 /* Release */ = {
			isa = XCBuildConfiguration;
			buildSettings = {
				ALWAYS_SEARCH_USER_PATHS = NO;
				CLANG_ANALYZER_NONNULL = YES;
				CLANG_CXX_LANGUAGE_STANDARD = "gnu++0x";
				CLANG_CXX_LIBRARY = "libc++";
				CLANG_ENABLE_MODULES = YES;
				CLANG_ENABLE_OBJC_ARC = YES;
				CLANG_WARN_BOOL_CONVERSION = YES;
				CLANG_WARN_CONSTANT_CONVERSION = YES;
				CLANG_WARN_DIRECT_OBJC_ISA_USAGE = YES_ERROR;
				CLANG_WARN_DOCUMENTATION_COMMENTS = YES;
				CLANG_WARN_EMPTY_BODY = YES;
				CLANG_WARN_ENUM_CONVERSION = YES;
				CLANG_WARN_INFINITE_RECURSION = YES;
				CLANG_WARN_INT_CONVERSION = YES;
				CLANG_WARN_OBJC_ROOT_CLASS = YES_ERROR;
				CLANG_WARN_SUSPICIOUS_MOVE = YES;
				CLANG_WARN_SUSPICIOUS_MOVES = YES;
				CLANG_WARN_UNREACHABLE_CODE = YES;
				CLANG_WARN__DUPLICATE_METHOD_MATCH = YES;
				"CODE_SIGN_IDENTITY[sdk=iphoneos*]" = "iPhone Developer";
				COPY_PHASE_STRIP = NO;
				DEBUG_INFORMATION_FORMAT = "dwarf-with-dsym";
				ENABLE_NS_ASSERTIONS = NO;
				ENABLE_STRICT_OBJC_MSGSEND = YES;
				GCC_C_LANGUAGE_STANDARD = gnu99;
				GCC_NO_COMMON_BLOCKS = YES;
				GCC_WARN_64_TO_32_BIT_CONVERSION = YES;
				GCC_WARN_ABOUT_RETURN_TYPE = YES_ERROR;
				GCC_WARN_UNDECLARED_SELECTOR = YES;
				GCC_WARN_UNINITIALIZED_AUTOS = YES_AGGRESSIVE;
				GCC_WARN_UNUSED_FUNCTION = YES;
				GCC_WARN_UNUSED_VARIABLE = YES;
				IPHONEOS_DEPLOYMENT_TARGET = 9.3;
				MTL_ENABLE_DEBUG_INFO = NO;
				SDKROOT = iphoneos;
				SWIFT_OPTIMIZATION_LEVEL = "-Owholemodule";
				VALIDATE_PRODUCT = YES;
			};
			name = Release;
		};
		88DF69531DBF905F00FE11F0 /* Debug */ = {
			isa = XCBuildConfiguration;
			baseConfigurationReference = 9AEB5ED9C6ABF2CA676D9BE4 /* Pods-TransitApp.debug.xcconfig */;
			buildSettings = {
				ALWAYS_EMBED_SWIFT_STANDARD_LIBRARIES = YES;
				ASSETCATALOG_COMPILER_APPICON_NAME = AppIcon;
				DEVELOPMENT_TEAM = 3V4RS4ALV7;
				INFOPLIST_FILE = TransitApp/Info.plist;
				LD_RUNPATH_SEARCH_PATHS = "$(inherited) @executable_path/Frameworks";
				PRODUCT_BUNDLE_IDENTIFIER = com.solidcell.TransitApp;
				PRODUCT_NAME = "$(TARGET_NAME)";
				SWIFT_VERSION = 3.0;
			};
			name = Debug;
		};
		88DF69541DBF905F00FE11F0 /* Release */ = {
			isa = XCBuildConfiguration;
			baseConfigurationReference = 8D3FC6667524E339371C7C02 /* Pods-TransitApp.release.xcconfig */;
			buildSettings = {
				ALWAYS_EMBED_SWIFT_STANDARD_LIBRARIES = YES;
				ASSETCATALOG_COMPILER_APPICON_NAME = AppIcon;
				DEVELOPMENT_TEAM = 3V4RS4ALV7;
				INFOPLIST_FILE = TransitApp/Info.plist;
				LD_RUNPATH_SEARCH_PATHS = "$(inherited) @executable_path/Frameworks";
				PRODUCT_BUNDLE_IDENTIFIER = com.solidcell.TransitApp;
				PRODUCT_NAME = "$(TARGET_NAME)";
				SWIFT_VERSION = 3.0;
			};
			name = Release;
		};
		88DF69561DBF905F00FE11F0 /* Debug */ = {
			isa = XCBuildConfiguration;
			baseConfigurationReference = D906B18321400739B4B477B5 /* Pods-TransitAppTests.debug.xcconfig */;
			buildSettings = {
				ALWAYS_EMBED_SWIFT_STANDARD_LIBRARIES = YES;
				BUNDLE_LOADER = "$(TEST_HOST)";
				CLANG_ENABLE_MODULES = YES;
				INFOPLIST_FILE = TransitAppTests/Info.plist;
				LD_RUNPATH_SEARCH_PATHS = "$(inherited) @executable_path/Frameworks @loader_path/Frameworks";
				PRODUCT_BUNDLE_IDENTIFIER = com.solidcell.TransitAppTests;
				PRODUCT_NAME = "$(TARGET_NAME)";
				SWIFT_OBJC_BRIDGING_HEADER = "TransitAppTests/TransitAppTests-Bridging-Header.h";
				SWIFT_OPTIMIZATION_LEVEL = "-Onone";
				SWIFT_VERSION = 3.0;
				TEST_HOST = "$(BUILT_PRODUCTS_DIR)/TransitApp.app/TransitApp";
			};
			name = Debug;
		};
		88DF69571DBF905F00FE11F0 /* Release */ = {
			isa = XCBuildConfiguration;
			baseConfigurationReference = 48CE241E6B51E73CF5AF8672 /* Pods-TransitAppTests.release.xcconfig */;
			buildSettings = {
				ALWAYS_EMBED_SWIFT_STANDARD_LIBRARIES = YES;
				BUNDLE_LOADER = "$(TEST_HOST)";
				CLANG_ENABLE_MODULES = YES;
				INFOPLIST_FILE = TransitAppTests/Info.plist;
				LD_RUNPATH_SEARCH_PATHS = "$(inherited) @executable_path/Frameworks @loader_path/Frameworks";
				PRODUCT_BUNDLE_IDENTIFIER = com.solidcell.TransitAppTests;
				PRODUCT_NAME = "$(TARGET_NAME)";
				SWIFT_OBJC_BRIDGING_HEADER = "TransitAppTests/TransitAppTests-Bridging-Header.h";
				SWIFT_VERSION = 3.0;
				TEST_HOST = "$(BUILT_PRODUCTS_DIR)/TransitApp.app/TransitApp";
			};
			name = Release;
		};
/* End XCBuildConfiguration section */

/* Begin XCConfigurationList section */
		88DF69301DBF905F00FE11F0 /* Build configuration list for PBXProject "TransitApp" */ = {
			isa = XCConfigurationList;
			buildConfigurations = (
				88DF69501DBF905F00FE11F0 /* Debug */,
				88DF69511DBF905F00FE11F0 /* Release */,
			);
			defaultConfigurationIsVisible = 0;
			defaultConfigurationName = Release;
		};
		88DF69521DBF905F00FE11F0 /* Build configuration list for PBXNativeTarget "TransitApp" */ = {
			isa = XCConfigurationList;
			buildConfigurations = (
				88DF69531DBF905F00FE11F0 /* Debug */,
				88DF69541DBF905F00FE11F0 /* Release */,
			);
			defaultConfigurationIsVisible = 0;
			defaultConfigurationName = Release;
		};
		88DF69551DBF905F00FE11F0 /* Build configuration list for PBXNativeTarget "TransitAppTests" */ = {
			isa = XCConfigurationList;
			buildConfigurations = (
				88DF69561DBF905F00FE11F0 /* Debug */,
				88DF69571DBF905F00FE11F0 /* Release */,
			);
			defaultConfigurationIsVisible = 0;
			defaultConfigurationName = Release;
		};
/* End XCConfigurationList section */
	};
	rootObject = 88DF692D1DBF905F00FE11F0 /* Project object */;
}
